
Microsoft Visual Studio Solution File, Format Version 12.00
# Visual Studio Version 17
VisualStudioVersion = 17.0.31903.59
MinimumVisualStudioVersion = 10.0.40219.1
Project("{2150E333-8FDC-42A3-9474-1A3956D46DE8}") = "Class01", "Class01", "{5FEECE44-351B-4A57-9BD5-C2FC3552882D}"
EndProject
Project("{2150E333-8FDC-42A3-9474-1A3956D46DE8}") = "Class02", "Class02", "{806073A3-C618-4925-BEF5-68802C4BBA59}"
EndProject
Project("{9A19103F-16F7-4668-BE54-9A1E7A4F7556}") = "ControllersSample", "Class02\ControllersSample\ControllersSample.csproj", "{4A186246-CEC4-41BF-9042-B328D63B6732}"
EndProject
Project("{2150E333-8FDC-42A3-9474-1A3956D46DE8}") = "Class03", "Class03", "{EEBFE360-A9F9-4EF1-99F1-7A18CD45500C}"
EndProject
Project("{9A19103F-16F7-4668-BE54-9A1E7A4F7556}") = "SEDC.NotesAndTagsApp", "Class03\SEDC.NotesAndTagsApp\SEDC.NotesAndTagsApp.csproj", "{4515460A-2FCF-4920-A740-6FA8BC300E3A}"
EndProject
Project("{2150E333-8FDC-42A3-9474-1A3956D46DE8}") = "Class04", "Class04", "{57474EF6-62FD-45D3-ADC3-4D7DA1C79E20}"
EndProject
Project("{9A19103F-16F7-4668-BE54-9A1E7A4F7556}") = "NotesAndTagsApp", "Class04\NotesAndTagsApp\NotesAndTagsApp.csproj", "{C94F0227-47E9-47FB-90F2-86AAAAB16385}"
EndProject
Project("{9A19103F-16F7-4668-BE54-9A1E7A4F7556}") = "ConsoleApp.Example", "Class01\ConsoleApp.Example\ConsoleApp.Example.csproj", "{15E43663-9F9A-4B9A-82DD-04D5930DAB93}"
EndProject
Project("{9A19103F-16F7-4668-BE54-9A1E7A4F7556}") = "OurFirstWebApi", "Class01\OurFirstWebApi\OurFirstWebApi.csproj", "{1B20C06C-FB18-4B9D-8EA3-77353C320BEC}"
EndProject
Project("{2150E333-8FDC-42A3-9474-1A3956D46DE8}") = "Class05", "Class05", "{2135622A-4949-4C44-A5D3-554A2D40CB9C}"
EndProject
Project("{9A19103F-16F7-4668-BE54-9A1E7A4F7556}") = "SEDC.MoviesApp", "Class05\SEDC.MoviesApp\SEDC.MoviesApp.csproj", "{4D25EAD8-1B2E-46A2-A4C0-AAC504D332DC}"
EndProject
Project("{2150E333-8FDC-42A3-9474-1A3956D46DE8}") = "Class06", "Class06", "{D6E15863-EC76-4DFD-A62C-68B378E1DDD0}"
EndProject
Project("{9A19103F-16F7-4668-BE54-9A1E7A4F7556}") = "EF.DatabaseFirst.DAL", "Class06\EF.DatabaseFirst.DAL\EF.DatabaseFirst.DAL.csproj", "{0E908A5D-972F-4D6A-B31E-DECFB9CB3687}"
EndProject
Project("{9A19103F-16F7-4668-BE54-9A1E7A4F7556}") = "EF.DatabaseFirst.Example", "Class06\EF.DatabaseFirst.Example\EF.DatabaseFirst.Example.csproj", "{EEDD4867-EC41-440F-97B6-070DE020D809}"
EndProject
Project("{2150E333-8FDC-42A3-9474-1A3956D46DE8}") = "Class07", "Class07", "{4D72D345-0534-46EA-999B-2CD45657F51E}"
EndProject
Project("{9A19103F-16F7-4668-BE54-9A1E7A4F7556}") = "SEDC.NotesApp", "Class07\SEDC.NotesApp\SEDC.NotesApp\SEDC.NotesApp.csproj", "{5FD77078-C68B-4E4D-AFC0-035AE35CE7B5}"
EndProject
Project("{9A19103F-16F7-4668-BE54-9A1E7A4F7556}") = "SEDC.NotesApp.DataAccess", "Class07\SEDC.NotesApp\SEDC.NotesApp.DataAccess\SEDC.NotesApp.DataAccess.csproj", "{523DB278-CE17-4DB6-8CE3-A2BD240A66EC}"
EndProject
Project("{9A19103F-16F7-4668-BE54-9A1E7A4F7556}") = "SEDC.NotesApp.Domain", "Class07\SEDC.NotesApp\SEDC.NotesApp.Domain\SEDC.NotesApp.Domain.csproj", "{11BB4A1E-EE04-45BC-A0A6-DAEDCF0B8EC3}"
EndProject
Project("{9A19103F-16F7-4668-BE54-9A1E7A4F7556}") = "SEDC.NotesApp.Dtos", "Class07\SEDC.NotesApp\SEDC.NotesApp.Dtos\SEDC.NotesApp.Dtos.csproj", "{17686CDC-6839-4ACF-8F4A-4B5E0465015F}"
EndProject
Project("{9A19103F-16F7-4668-BE54-9A1E7A4F7556}") = "SEDC.NotesApp.Mappers", "Class07\SEDC.NotesApp\SEDC.NotesApp.Mappers\SEDC.NotesApp.Mappers.csproj", "{0AB72B1F-1B78-4CC1-B6C3-A0A84F7908C0}"
EndProject
Project("{9A19103F-16F7-4668-BE54-9A1E7A4F7556}") = "SEDC.NotesApp.Services", "Class07\SEDC.NotesApp\SEDC.NotesApp.Services\SEDC.NotesApp.Services.csproj", "{90F87A2A-FE76-4DED-8DD5-F7449A8957AC}"
EndProject
Project("{2150E333-8FDC-42A3-9474-1A3956D46DE8}") = "Class08", "Class08", "{D600EB49-4BEE-4187-B565-DB7FFC955B0F}"
EndProject
Project("{9A19103F-16F7-4668-BE54-9A1E7A4F7556}") = "SEDC.NotesApp", "Class08\SEDC.NotesApp\SEDC.NotesApp\SEDC.NotesApp.csproj", "{0FAB465F-93BB-45F7-97AE-97B78659A9D7}"
EndProject
Project("{9A19103F-16F7-4668-BE54-9A1E7A4F7556}") = "SEDC.NotesApp.DataAccess", "Class08\SEDC.NotesApp\SEDC.NotesApp.DataAccess\SEDC.NotesApp.DataAccess.csproj", "{AAB5F366-510B-43CE-AFC2-E00732E161F8}"
EndProject
Project("{9A19103F-16F7-4668-BE54-9A1E7A4F7556}") = "SEDC.NotesApp.Domain", "Class08\SEDC.NotesApp\SEDC.NotesApp.Domain\SEDC.NotesApp.Domain.csproj", "{3C1812BA-27A4-4087-9A0A-DA2E1EDD6B67}"
EndProject
Project("{9A19103F-16F7-4668-BE54-9A1E7A4F7556}") = "SEDC.NotesApp.Dtos", "Class08\SEDC.NotesApp\SEDC.NotesApp.Dtos\SEDC.NotesApp.Dtos.csproj", "{4254A41B-8B57-4471-AA45-BF83B8915A67}"
EndProject
Project("{9A19103F-16F7-4668-BE54-9A1E7A4F7556}") = "SEDC.NotesApp.Helpers", "Class08\SEDC.NotesApp\SEDC.NotesApp.Helpers\SEDC.NotesApp.Helpers.csproj", "{BB09591A-C7B2-4D18-8CC0-430B34F53A46}"
EndProject
Project("{9A19103F-16F7-4668-BE54-9A1E7A4F7556}") = "SEDC.NotesApp.Mappers", "Class08\SEDC.NotesApp\SEDC.NotesApp.Mappers\SEDC.NotesApp.Mappers.csproj", "{70DEA514-D7D7-43FD-9EDE-6982C46D9482}"
EndProject
Project("{9A19103F-16F7-4668-BE54-9A1E7A4F7556}") = "SEDC.NotesApp.Services", "Class08\SEDC.NotesApp\SEDC.NotesApp.Services\SEDC.NotesApp.Services.csproj", "{F35260AF-7D59-4B67-A6CC-C2388BB4D307}"
EndProject
Project("{9A19103F-16F7-4668-BE54-9A1E7A4F7556}") = "SEDC.NotesApp.Shared", "Class08\SEDC.NotesApp\SEDC.NotesApp.Shared\SEDC.NotesApp.Shared.csproj", "{B1A1D750-CE1B-4B03-8261-88D775E8198C}"
EndProject
Project("{2150E333-8FDC-42A3-9474-1A3956D46DE8}") = "Class09", "Class09", "{A505BA06-847C-4DE4-86DF-AC0CE2D05B52}"
EndProject
Project("{9A19103F-16F7-4668-BE54-9A1E7A4F7556}") = "SEDC.NotesApp", "Class09\SEDC.NotesApp\SEDC.NotesApp\SEDC.NotesApp.csproj", "{9750384D-E7D6-4DC4-A6B4-F660116271BC}"
EndProject
Project("{9A19103F-16F7-4668-BE54-9A1E7A4F7556}") = "SEDC.NotesApp.DataAccess", "Class09\SEDC.NotesApp\SEDC.NotesApp.DataAccess\SEDC.NotesApp.DataAccess.csproj", "{0BC3337B-C88C-40F6-B6C2-7BF9AEDDB8AB}"
EndProject
Project("{9A19103F-16F7-4668-BE54-9A1E7A4F7556}") = "SEDC.NotesApp.Domain", "Class09\SEDC.NotesApp\SEDC.NotesApp.Domain\SEDC.NotesApp.Domain.csproj", "{68AC178C-BE20-4D99-A109-8C2A651D8AA3}"
EndProject
Project("{9A19103F-16F7-4668-BE54-9A1E7A4F7556}") = "SEDC.NotesApp.Dtos", "Class09\SEDC.NotesApp\SEDC.NotesApp.Dtos\SEDC.NotesApp.Dtos.csproj", "{5FC0017E-4FAF-462D-B143-DF0A393D8CAD}"
EndProject
Project("{9A19103F-16F7-4668-BE54-9A1E7A4F7556}") = "SEDC.NotesApp.Helpers", "Class09\SEDC.NotesApp\SEDC.NotesApp.Helpers\SEDC.NotesApp.Helpers.csproj", "{81EC2432-BA11-42B9-818E-1C5F95F62CF0}"
EndProject
Project("{9A19103F-16F7-4668-BE54-9A1E7A4F7556}") = "SEDC.NotesApp.Mappers", "Class09\SEDC.NotesApp\SEDC.NotesApp.Mappers\SEDC.NotesApp.Mappers.csproj", "{47ED2EB2-BA5D-4900-8894-0B09D4864C7C}"
EndProject
Project("{9A19103F-16F7-4668-BE54-9A1E7A4F7556}") = "SEDC.NotesApp.Services", "Class09\SEDC.NotesApp\SEDC.NotesApp.Services\SEDC.NotesApp.Services.csproj", "{BA53FA21-6658-4457-837E-8EA017797DF7}"
EndProject
Project("{9A19103F-16F7-4668-BE54-9A1E7A4F7556}") = "SEDC.NotesApp.Shared", "Class09\SEDC.NotesApp\SEDC.NotesApp.Shared\SEDC.NotesApp.Shared.csproj", "{10D6D84D-2FFE-4981-948D-07330760E332}"
EndProject
Project("{2150E333-8FDC-42A3-9474-1A3956D46DE8}") = "Class10", "Class10", "{EC3692F7-4ECD-4C86-B12A-823896407B59}"
EndProject
Project("{9A19103F-16F7-4668-BE54-9A1E7A4F7556}") = "SEDC.MoviesApp", "Class10\SEDC.MoviesApp\SEDC.MoviesApp\SEDC.MoviesApp.csproj", "{8392B621-DF2B-4E0D-8B80-F9BDA07FAE1E}"
EndProject
Project("{9A19103F-16F7-4668-BE54-9A1E7A4F7556}") = "SEDC.MoviesApp.DataAccess", "Class10\SEDC.MoviesApp\SEDC.MoviesApp.DataAccess\SEDC.MoviesApp.DataAccess.csproj", "{DAAB89E2-F8D1-4B88-A888-A14ED3F77B98}"
EndProject
Project("{9A19103F-16F7-4668-BE54-9A1E7A4F7556}") = "SEDC.MoviesApp.Domain", "Class10\SEDC.MoviesApp\SEDC.MoviesApp.Domain\SEDC.MoviesApp.Domain.csproj", "{AA113016-8BCA-4848-ABD4-79964FCA871B}"
EndProject
Project("{9A19103F-16F7-4668-BE54-9A1E7A4F7556}") = "SEDC.MoviesApp.Dtos", "Class10\SEDC.MoviesApp\SEDC.MoviesApp.Dtos\SEDC.MoviesApp.Dtos.csproj", "{B9A7012A-61DC-42DB-93A4-8177C8FFC1EC}"
EndProject
Project("{9A19103F-16F7-4668-BE54-9A1E7A4F7556}") = "SEDC.MoviesApp.Mappers", "Class10\SEDC.MoviesApp\SEDC.MoviesApp.Mappers\SEDC.MoviesApp.Mappers.csproj", "{275B4818-B2CE-4AB8-9CFA-CD46A4FE7D9E}"
EndProject
Project("{9A19103F-16F7-4668-BE54-9A1E7A4F7556}") = "SEDC.MoviesApp.Services", "Class10\SEDC.MoviesApp\SEDC.MoviesApp.Services\SEDC.MoviesApp.Services.csproj", "{FE0F2356-E8E0-4218-9E9E-1FF2A90A50A7}"
EndProject
Project("{9A19103F-16F7-4668-BE54-9A1E7A4F7556}") = "SEDC.MoviesApp.Shared", "Class10\SEDC.MoviesApp\SEDC.MoviesApp.Shared\SEDC.MoviesApp.Shared.csproj", "{D7141109-A719-4A6F-B897-93AA3DD11F75}"
EndProject
Project("{2150E333-8FDC-42A3-9474-1A3956D46DE8}") = "Class11", "Class11", "{D4195228-D499-4F82-B4B4-E05BE246B830}"
EndProject
Project("{9A19103F-16F7-4668-BE54-9A1E7A4F7556}") = "SEDC.MoviesApp", "Class11\SEDC.MoviesApp\SEDC.MoviesApp.csproj", "{5ADFF188-36AB-4046-83A4-AE0504ABD05B}"
EndProject
Project("{9A19103F-16F7-4668-BE54-9A1E7A4F7556}") = "SEDC.MoviesApp.DataAccess", "Class11\SEDC.MoviesApp.DataAccess\SEDC.MoviesApp.DataAccess.csproj", "{02312511-89A4-4467-9E34-0F91C9B20F13}"
EndProject
Project("{9A19103F-16F7-4668-BE54-9A1E7A4F7556}") = "SEDC.MoviesApp.Dtos", "Class11\SEDC.MoviesApp.Dtos\SEDC.MoviesApp.Dtos.csproj", "{30962A5D-2D8E-451D-BFEF-56B7BDC5CB3A}"
EndProject
Project("{9A19103F-16F7-4668-BE54-9A1E7A4F7556}") = "SEDC.MoviesApp.Mappers", "Class11\SEDC.MoviesApp.Mappers\SEDC.MoviesApp.Mappers.csproj", "{B239DD8D-F800-4C21-83E1-A879C48B542A}"
EndProject
Project("{9A19103F-16F7-4668-BE54-9A1E7A4F7556}") = "SEDC.MoviesApp.Services", "Class11\SEDC.MoviesApp.Services\SEDC.MoviesApp.Services.csproj", "{AB96AB05-B3AB-42F9-B226-9BF5888BC212}"
EndProject
Project("{9A19103F-16F7-4668-BE54-9A1E7A4F7556}") = "SEDC.MoviesApp.Shared", "Class11\SEDC.MoviesApp.Shared\SEDC.MoviesApp.Shared.csproj", "{306CA644-22D3-4673-A145-103A69081000}"
EndProject
Project("{9A19103F-16F7-4668-BE54-9A1E7A4F7556}") = "SEDC.MoviesApp.Domain", "Class11\SEDC.MoviesApp.Domain\SEDC.MoviesApp.Domain.csproj", "{1FD9137B-8CAC-447B-B1EE-328FECAE3745}"
EndProject
Project("{2150E333-8FDC-42A3-9474-1A3956D46DE8}") = "Class12", "Class12", "{146083DF-7471-4D10-AAD4-5EED6BEFAF52}"
EndProject
Project("{9A19103F-16F7-4668-BE54-9A1E7A4F7556}") = "NotesAppTests", "Class12\SEDC.NotesApp\NotesAppTests\NotesAppTests.csproj", "{0BC34AB4-466A-432F-8B25-0EC2C96E772C}"
EndProject
Project("{2150E333-8FDC-42A3-9474-1A3956D46DE8}") = "Tests", "Tests", "{1751D3D3-48CA-4F14-AB40-A4F15E2663A6}"
EndProject
Project("{9A19103F-16F7-4668-BE54-9A1E7A4F7556}") = "SEDC.NotesApp", "Class12\SEDC.NotesApp\SEDC.NotesApp\SEDC.NotesApp.csproj", "{CC294F65-0434-4B47-929A-6051F9442BA4}"
EndProject
Project("{9A19103F-16F7-4668-BE54-9A1E7A4F7556}") = "SEDC.NotesApp.DataAccess", "Class12\SEDC.NotesApp\SEDC.NotesApp.DataAccess\SEDC.NotesApp.DataAccess.csproj", "{4C0B5ADA-9CF1-4D54-9834-93004ECA8147}"
EndProject
Project("{9A19103F-16F7-4668-BE54-9A1E7A4F7556}") = "SEDC.NotesApp.Domain", "Class12\SEDC.NotesApp\SEDC.NotesApp.Domain\SEDC.NotesApp.Domain.csproj", "{5245ECE9-FDA0-4F69-9E99-FBD332B32FE7}"
EndProject
Project("{9A19103F-16F7-4668-BE54-9A1E7A4F7556}") = "SEDC.NotesApp.Dtos", "Class12\SEDC.NotesApp\SEDC.NotesApp.Dtos\SEDC.NotesApp.Dtos.csproj", "{8213B8E6-BB0D-4253-A64C-E09B533AEBD6}"
EndProject
Project("{9A19103F-16F7-4668-BE54-9A1E7A4F7556}") = "SEDC.NotesApp.Helpers", "Class12\SEDC.NotesApp\SEDC.NotesApp.Helpers\SEDC.NotesApp.Helpers.csproj", "{CF94A025-DDAF-4327-ACB3-4D9C820973E5}"
EndProject
Project("{9A19103F-16F7-4668-BE54-9A1E7A4F7556}") = "SEDC.NotesApp.Mappers", "Class12\SEDC.NotesApp\SEDC.NotesApp.Mappers\SEDC.NotesApp.Mappers.csproj", "{D0522BEC-4987-401D-BC7E-D291477CD259}"
EndProject
Project("{9A19103F-16F7-4668-BE54-9A1E7A4F7556}") = "SEDC.NotesApp.Services", "Class12\SEDC.NotesApp\SEDC.NotesApp.Services\SEDC.NotesApp.Services.csproj", "{684EAD79-1983-4EAC-9CD0-CF1C12E1D499}"
EndProject
Project("{9A19103F-16F7-4668-BE54-9A1E7A4F7556}") = "SEDC.NotesApp.Shared", "Class12\SEDC.NotesApp\SEDC.NotesApp.Shared\SEDC.NotesApp.Shared.csproj", "{5B9E45A5-7579-40EF-A2D8-4F150C10728C}"
EndProject
Project("{2150E333-8FDC-42A3-9474-1A3956D46DE8}") = "UnitTesting", "UnitTesting", "{96AB5F93-9D2C-482B-9503-BB43C8A15E68}"
EndProject
Project("{9A19103F-16F7-4668-BE54-9A1E7A4F7556}") = "Services", "Class12\Unit_Testing\Services\Services.csproj", "{CE0E30FB-9D25-4914-80A7-04CC69EBD9C9}"
EndProject
Project("{9A19103F-16F7-4668-BE54-9A1E7A4F7556}") = "Unit_Testing", "Class12\Unit_Testing\Unit_Testing\Unit_Testing.csproj", "{DAFE3325-775E-4B28-A0B1-2C0BBEE03077}"
EndProject
Project("{9A19103F-16F7-4668-BE54-9A1E7A4F7556}") = "Unit_Testing_Tests", "Class12\Unit_Testing\Unit_Testing_Tests\Unit_Testing_Tests.csproj", "{6FA37EC8-8B91-4A08-900B-37DF80821E16}"
EndProject
Project("{2150E333-8FDC-42A3-9474-1A3956D46DE8}") = "Class13", "Class13", "{8B0B846C-7E38-46AB-A9E8-B6D9DA436880}"
EndProject
Project("{9A19103F-16F7-4668-BE54-9A1E7A4F7556}") = "SEDC.NotesApp", "Class13\SEDC.NotesApp\SEDC.NotesApp.csproj", "{118BE04A-1A49-4D6B-8340-BAC064E07A6D}"
EndProject
Project("{9A19103F-16F7-4668-BE54-9A1E7A4F7556}") = "SEDC.NotesApp.DataAccess", "Class13\SEDC.NotesApp.DataAccess\SEDC.NotesApp.DataAccess.csproj", "{0124BCD4-3A9B-4C02-9F2E-7FD5BB77FFF4}"
EndProject
Project("{9A19103F-16F7-4668-BE54-9A1E7A4F7556}") = "SEDC.NotesApp.Domain", "Class13\SEDC.NotesApp.Domain\SEDC.NotesApp.Domain.csproj", "{C9CA2086-7A37-4876-BB1D-6ABCC8FE223C}"
EndProject
Project("{9A19103F-16F7-4668-BE54-9A1E7A4F7556}") = "SEDC.NotesApp.Dtos", "Class13\SEDC.NotesApp.Dtos\SEDC.NotesApp.Dtos.csproj", "{FD7B0B52-6A9A-424A-B2D9-D72F25933A24}"
EndProject
Project("{9A19103F-16F7-4668-BE54-9A1E7A4F7556}") = "SEDC.NotesApp.Helpers", "Class13\SEDC.NotesApp.Helpers\SEDC.NotesApp.Helpers.csproj", "{CAF8E56F-931F-4F2E-9893-463294CDE8EE}"
EndProject
Project("{9A19103F-16F7-4668-BE54-9A1E7A4F7556}") = "SEDC.NotesApp.Mappers", "Class13\SEDC.NotesApp.Mappers\SEDC.NotesApp.Mappers.csproj", "{E42E149B-F1F2-47DF-9C3A-76A39DA0F494}"
EndProject
Project("{9A19103F-16F7-4668-BE54-9A1E7A4F7556}") = "SEDC.NotesApp.Services", "Class13\SEDC.NotesApp.Services\SEDC.NotesApp.Services.csproj", "{06BB9719-145C-4609-9582-B00D5CFE9A99}"
EndProject
Project("{9A19103F-16F7-4668-BE54-9A1E7A4F7556}") = "SEDC.NotesApp.Shared", "Class13\SEDC.NotesApp.Shared\SEDC.NotesApp.Shared.csproj", "{5CA705D1-401C-4ACE-9ED0-88941F261AD0}"
EndProject
Project("{9A19103F-16F7-4668-BE54-9A1E7A4F7556}") = "SEDC.NotesApp.Test", "Class13\SEDC.NotesApp.Test\SEDC.NotesApp.Test.csproj", "{A96F8CB6-78AD-42D8-B189-973E9D747C7C}"
EndProject
Project("{2150E333-8FDC-42A3-9474-1A3956D46DE8}") = "Class14", "Class14", "{ED2B37CE-51E5-4804-92AF-2AD38C27046B}"
EndProject
Project("{9A19103F-16F7-4668-BE54-9A1E7A4F7556}") = "SEDC.NotesApp", "Class14\SEDC.NotesApp_Latest\SEDC.NotesApp\SEDC.NotesApp.csproj", "{AD52DD5D-A22E-43C4-8ED5-47D78F7ADBB8}"
EndProject
Project("{9A19103F-16F7-4668-BE54-9A1E7A4F7556}") = "SEDC.NotesApp.DataAccess", "Class14\SEDC.NotesApp_Latest\SEDC.NotesApp.DataAccess\SEDC.NotesApp.DataAccess.csproj", "{F20DE13F-7782-4154-A976-6015ABCA815C}"
EndProject
Project("{9A19103F-16F7-4668-BE54-9A1E7A4F7556}") = "SEDC.NotesApp.Domain", "Class14\SEDC.NotesApp_Latest\SEDC.NotesApp.Domain\SEDC.NotesApp.Domain.csproj", "{FF339C95-43C5-463E-AC61-9E8C7C4BED0F}"
EndProject
Project("{9A19103F-16F7-4668-BE54-9A1E7A4F7556}") = "SEDC.NotesApp.Dtos", "Class14\SEDC.NotesApp_Latest\SEDC.NotesApp.Dtos\SEDC.NotesApp.Dtos.csproj", "{C5B4B021-B37D-43B0-AD0C-82DCFA5E2B80}"
EndProject
Project("{9A19103F-16F7-4668-BE54-9A1E7A4F7556}") = "SEDC.NotesApp.Helpers", "Class14\SEDC.NotesApp_Latest\SEDC.NotesApp.Helpers\SEDC.NotesApp.Helpers.csproj", "{D89CC626-98CB-48AD-BBB2-2A559B3A3F75}"
EndProject
Project("{9A19103F-16F7-4668-BE54-9A1E7A4F7556}") = "SEDC.NotesApp.Mappers", "Class14\SEDC.NotesApp_Latest\SEDC.NotesApp.Mappers\SEDC.NotesApp.Mappers.csproj", "{968AFF9D-DE29-4493-8EA1-27FA623B585D}"
EndProject
Project("{9A19103F-16F7-4668-BE54-9A1E7A4F7556}") = "SEDC.NotesApp.Services", "Class14\SEDC.NotesApp_Latest\SEDC.NotesApp.Services\SEDC.NotesApp.Services.csproj", "{B9BF6180-F94E-443D-A6BB-2F09D5C09664}"
EndProject
Project("{9A19103F-16F7-4668-BE54-9A1E7A4F7556}") = "SEDC.NotesApp.Shared", "Class14\SEDC.NotesApp_Latest\SEDC.NotesApp.Shared\SEDC.NotesApp.Shared.csproj", "{BCD7C25F-2878-4618-A72C-276BBCC359AF}"
EndProject
Project("{2150E333-8FDC-42A3-9474-1A3956D46DE8}") = "Class15", "Class15", "{1012E370-CF24-444D-85DB-A6C44377AF5C}"
EndProject
Project("{9A19103F-16F7-4668-BE54-9A1E7A4F7556}") = "Configurations", "Class15\SEDC.NotesApp\Configurations\Configurations.csproj", "{FAB508B0-7700-4C4F-A952-09D2268F04C3}"
EndProject
Project("{9A19103F-16F7-4668-BE54-9A1E7A4F7556}") = "DataAccess", "Class15\SEDC.NotesApp\DataAccess\DataAccess.csproj", "{FE47D086-7046-43BE-8DF8-F9A99CAAE71A}"
EndProject
Project("{9A19103F-16F7-4668-BE54-9A1E7A4F7556}") = "DataModels", "Class15\SEDC.NotesApp\DataModels\DataModels.csproj", "{66A3765E-A234-4061-A292-BCC798A154A5}"
EndProject
Project("{9A19103F-16F7-4668-BE54-9A1E7A4F7556}") = "InterfaceModels", "Class15\SEDC.NotesApp\InterfaceModels\InterfaceModels.csproj", "{4CC78EF6-0A82-4E97-8ED8-6D64D83181DF}"
EndProject
Project("{9A19103F-16F7-4668-BE54-9A1E7A4F7556}") = "NotesApp.API", "Class15\SEDC.NotesApp\NotesApp.API\NotesApp.API.csproj", "{F3331258-85CD-44A6-B887-D83C97F50F7B}"
EndProject
Project("{9A19103F-16F7-4668-BE54-9A1E7A4F7556}") = "Services", "Class15\SEDC.NotesApp\Services\Services.csproj", "{D0137E94-292B-4D98-AF69-7E133CE0B657}"
EndProject
Project("{9A19103F-16F7-4668-BE54-9A1E7A4F7556}") = "Tests", "Class15\SEDC.NotesApp\Tests\Tests.csproj", "{4C9CDE98-D1CF-4A32-A7F6-F3259273C32A}"
EndProject
Project("{9A19103F-16F7-4668-BE54-9A1E7A4F7556}") = "Utilities", "Class15\SEDC.NotesApp\Utilities\Utilities.csproj", "{D20EF69F-E0CD-4EA1-9491-6D16CCB49670}"
EndProject
Global
	GlobalSection(SolutionConfigurationPlatforms) = preSolution
		Debug|Any CPU = Debug|Any CPU
		Release|Any CPU = Release|Any CPU
	EndGlobalSection
	GlobalSection(ProjectConfigurationPlatforms) = postSolution
		{4A186246-CEC4-41BF-9042-B328D63B6732}.Debug|Any CPU.ActiveCfg = Debug|Any CPU
		{4A186246-CEC4-41BF-9042-B328D63B6732}.Debug|Any CPU.Build.0 = Debug|Any CPU
		{4A186246-CEC4-41BF-9042-B328D63B6732}.Release|Any CPU.ActiveCfg = Release|Any CPU
		{4A186246-CEC4-41BF-9042-B328D63B6732}.Release|Any CPU.Build.0 = Release|Any CPU
		{4515460A-2FCF-4920-A740-6FA8BC300E3A}.Debug|Any CPU.ActiveCfg = Debug|Any CPU
		{4515460A-2FCF-4920-A740-6FA8BC300E3A}.Debug|Any CPU.Build.0 = Debug|Any CPU
		{4515460A-2FCF-4920-A740-6FA8BC300E3A}.Release|Any CPU.ActiveCfg = Release|Any CPU
		{4515460A-2FCF-4920-A740-6FA8BC300E3A}.Release|Any CPU.Build.0 = Release|Any CPU
		{C94F0227-47E9-47FB-90F2-86AAAAB16385}.Debug|Any CPU.ActiveCfg = Debug|Any CPU
		{C94F0227-47E9-47FB-90F2-86AAAAB16385}.Debug|Any CPU.Build.0 = Debug|Any CPU
		{C94F0227-47E9-47FB-90F2-86AAAAB16385}.Release|Any CPU.ActiveCfg = Release|Any CPU
		{C94F0227-47E9-47FB-90F2-86AAAAB16385}.Release|Any CPU.Build.0 = Release|Any CPU
		{15E43663-9F9A-4B9A-82DD-04D5930DAB93}.Debug|Any CPU.ActiveCfg = Debug|Any CPU
		{15E43663-9F9A-4B9A-82DD-04D5930DAB93}.Debug|Any CPU.Build.0 = Debug|Any CPU
		{15E43663-9F9A-4B9A-82DD-04D5930DAB93}.Release|Any CPU.ActiveCfg = Release|Any CPU
		{15E43663-9F9A-4B9A-82DD-04D5930DAB93}.Release|Any CPU.Build.0 = Release|Any CPU
		{1B20C06C-FB18-4B9D-8EA3-77353C320BEC}.Debug|Any CPU.ActiveCfg = Debug|Any CPU
		{1B20C06C-FB18-4B9D-8EA3-77353C320BEC}.Debug|Any CPU.Build.0 = Debug|Any CPU
		{1B20C06C-FB18-4B9D-8EA3-77353C320BEC}.Release|Any CPU.ActiveCfg = Release|Any CPU
		{1B20C06C-FB18-4B9D-8EA3-77353C320BEC}.Release|Any CPU.Build.0 = Release|Any CPU
		{4D25EAD8-1B2E-46A2-A4C0-AAC504D332DC}.Debug|Any CPU.ActiveCfg = Debug|Any CPU
		{4D25EAD8-1B2E-46A2-A4C0-AAC504D332DC}.Debug|Any CPU.Build.0 = Debug|Any CPU
		{4D25EAD8-1B2E-46A2-A4C0-AAC504D332DC}.Release|Any CPU.ActiveCfg = Release|Any CPU
		{4D25EAD8-1B2E-46A2-A4C0-AAC504D332DC}.Release|Any CPU.Build.0 = Release|Any CPU
		{0E908A5D-972F-4D6A-B31E-DECFB9CB3687}.Debug|Any CPU.ActiveCfg = Debug|Any CPU
		{0E908A5D-972F-4D6A-B31E-DECFB9CB3687}.Debug|Any CPU.Build.0 = Debug|Any CPU
		{0E908A5D-972F-4D6A-B31E-DECFB9CB3687}.Release|Any CPU.ActiveCfg = Release|Any CPU
		{0E908A5D-972F-4D6A-B31E-DECFB9CB3687}.Release|Any CPU.Build.0 = Release|Any CPU
		{EEDD4867-EC41-440F-97B6-070DE020D809}.Debug|Any CPU.ActiveCfg = Debug|Any CPU
		{EEDD4867-EC41-440F-97B6-070DE020D809}.Debug|Any CPU.Build.0 = Debug|Any CPU
		{EEDD4867-EC41-440F-97B6-070DE020D809}.Release|Any CPU.ActiveCfg = Release|Any CPU
		{EEDD4867-EC41-440F-97B6-070DE020D809}.Release|Any CPU.Build.0 = Release|Any CPU
		{5FD77078-C68B-4E4D-AFC0-035AE35CE7B5}.Debug|Any CPU.ActiveCfg = Debug|Any CPU
		{5FD77078-C68B-4E4D-AFC0-035AE35CE7B5}.Debug|Any CPU.Build.0 = Debug|Any CPU
		{5FD77078-C68B-4E4D-AFC0-035AE35CE7B5}.Release|Any CPU.ActiveCfg = Release|Any CPU
		{5FD77078-C68B-4E4D-AFC0-035AE35CE7B5}.Release|Any CPU.Build.0 = Release|Any CPU
		{523DB278-CE17-4DB6-8CE3-A2BD240A66EC}.Debug|Any CPU.ActiveCfg = Debug|Any CPU
		{523DB278-CE17-4DB6-8CE3-A2BD240A66EC}.Debug|Any CPU.Build.0 = Debug|Any CPU
		{523DB278-CE17-4DB6-8CE3-A2BD240A66EC}.Release|Any CPU.ActiveCfg = Release|Any CPU
		{523DB278-CE17-4DB6-8CE3-A2BD240A66EC}.Release|Any CPU.Build.0 = Release|Any CPU
		{11BB4A1E-EE04-45BC-A0A6-DAEDCF0B8EC3}.Debug|Any CPU.ActiveCfg = Debug|Any CPU
		{11BB4A1E-EE04-45BC-A0A6-DAEDCF0B8EC3}.Debug|Any CPU.Build.0 = Debug|Any CPU
		{11BB4A1E-EE04-45BC-A0A6-DAEDCF0B8EC3}.Release|Any CPU.ActiveCfg = Release|Any CPU
		{11BB4A1E-EE04-45BC-A0A6-DAEDCF0B8EC3}.Release|Any CPU.Build.0 = Release|Any CPU
		{17686CDC-6839-4ACF-8F4A-4B5E0465015F}.Debug|Any CPU.ActiveCfg = Debug|Any CPU
		{17686CDC-6839-4ACF-8F4A-4B5E0465015F}.Debug|Any CPU.Build.0 = Debug|Any CPU
		{17686CDC-6839-4ACF-8F4A-4B5E0465015F}.Release|Any CPU.ActiveCfg = Release|Any CPU
		{17686CDC-6839-4ACF-8F4A-4B5E0465015F}.Release|Any CPU.Build.0 = Release|Any CPU
		{0AB72B1F-1B78-4CC1-B6C3-A0A84F7908C0}.Debug|Any CPU.ActiveCfg = Debug|Any CPU
		{0AB72B1F-1B78-4CC1-B6C3-A0A84F7908C0}.Debug|Any CPU.Build.0 = Debug|Any CPU
		{0AB72B1F-1B78-4CC1-B6C3-A0A84F7908C0}.Release|Any CPU.ActiveCfg = Release|Any CPU
		{0AB72B1F-1B78-4CC1-B6C3-A0A84F7908C0}.Release|Any CPU.Build.0 = Release|Any CPU
		{90F87A2A-FE76-4DED-8DD5-F7449A8957AC}.Debug|Any CPU.ActiveCfg = Debug|Any CPU
		{90F87A2A-FE76-4DED-8DD5-F7449A8957AC}.Debug|Any CPU.Build.0 = Debug|Any CPU
		{90F87A2A-FE76-4DED-8DD5-F7449A8957AC}.Release|Any CPU.ActiveCfg = Release|Any CPU
		{90F87A2A-FE76-4DED-8DD5-F7449A8957AC}.Release|Any CPU.Build.0 = Release|Any CPU
		{0FAB465F-93BB-45F7-97AE-97B78659A9D7}.Debug|Any CPU.ActiveCfg = Debug|Any CPU
		{0FAB465F-93BB-45F7-97AE-97B78659A9D7}.Debug|Any CPU.Build.0 = Debug|Any CPU
		{0FAB465F-93BB-45F7-97AE-97B78659A9D7}.Release|Any CPU.ActiveCfg = Release|Any CPU
		{0FAB465F-93BB-45F7-97AE-97B78659A9D7}.Release|Any CPU.Build.0 = Release|Any CPU
		{AAB5F366-510B-43CE-AFC2-E00732E161F8}.Debug|Any CPU.ActiveCfg = Debug|Any CPU
		{AAB5F366-510B-43CE-AFC2-E00732E161F8}.Debug|Any CPU.Build.0 = Debug|Any CPU
		{AAB5F366-510B-43CE-AFC2-E00732E161F8}.Release|Any CPU.ActiveCfg = Release|Any CPU
		{AAB5F366-510B-43CE-AFC2-E00732E161F8}.Release|Any CPU.Build.0 = Release|Any CPU
		{3C1812BA-27A4-4087-9A0A-DA2E1EDD6B67}.Debug|Any CPU.ActiveCfg = Debug|Any CPU
		{3C1812BA-27A4-4087-9A0A-DA2E1EDD6B67}.Debug|Any CPU.Build.0 = Debug|Any CPU
		{3C1812BA-27A4-4087-9A0A-DA2E1EDD6B67}.Release|Any CPU.ActiveCfg = Release|Any CPU
		{3C1812BA-27A4-4087-9A0A-DA2E1EDD6B67}.Release|Any CPU.Build.0 = Release|Any CPU
		{4254A41B-8B57-4471-AA45-BF83B8915A67}.Debug|Any CPU.ActiveCfg = Debug|Any CPU
		{4254A41B-8B57-4471-AA45-BF83B8915A67}.Debug|Any CPU.Build.0 = Debug|Any CPU
		{4254A41B-8B57-4471-AA45-BF83B8915A67}.Release|Any CPU.ActiveCfg = Release|Any CPU
		{4254A41B-8B57-4471-AA45-BF83B8915A67}.Release|Any CPU.Build.0 = Release|Any CPU
		{BB09591A-C7B2-4D18-8CC0-430B34F53A46}.Debug|Any CPU.ActiveCfg = Debug|Any CPU
		{BB09591A-C7B2-4D18-8CC0-430B34F53A46}.Debug|Any CPU.Build.0 = Debug|Any CPU
		{BB09591A-C7B2-4D18-8CC0-430B34F53A46}.Release|Any CPU.ActiveCfg = Release|Any CPU
		{BB09591A-C7B2-4D18-8CC0-430B34F53A46}.Release|Any CPU.Build.0 = Release|Any CPU
		{70DEA514-D7D7-43FD-9EDE-6982C46D9482}.Debug|Any CPU.ActiveCfg = Debug|Any CPU
		{70DEA514-D7D7-43FD-9EDE-6982C46D9482}.Debug|Any CPU.Build.0 = Debug|Any CPU
		{70DEA514-D7D7-43FD-9EDE-6982C46D9482}.Release|Any CPU.ActiveCfg = Release|Any CPU
		{70DEA514-D7D7-43FD-9EDE-6982C46D9482}.Release|Any CPU.Build.0 = Release|Any CPU
		{F35260AF-7D59-4B67-A6CC-C2388BB4D307}.Debug|Any CPU.ActiveCfg = Debug|Any CPU
		{F35260AF-7D59-4B67-A6CC-C2388BB4D307}.Debug|Any CPU.Build.0 = Debug|Any CPU
		{F35260AF-7D59-4B67-A6CC-C2388BB4D307}.Release|Any CPU.ActiveCfg = Release|Any CPU
		{F35260AF-7D59-4B67-A6CC-C2388BB4D307}.Release|Any CPU.Build.0 = Release|Any CPU
		{B1A1D750-CE1B-4B03-8261-88D775E8198C}.Debug|Any CPU.ActiveCfg = Debug|Any CPU
		{B1A1D750-CE1B-4B03-8261-88D775E8198C}.Debug|Any CPU.Build.0 = Debug|Any CPU
		{B1A1D750-CE1B-4B03-8261-88D775E8198C}.Release|Any CPU.ActiveCfg = Release|Any CPU
		{B1A1D750-CE1B-4B03-8261-88D775E8198C}.Release|Any CPU.Build.0 = Release|Any CPU
		{9750384D-E7D6-4DC4-A6B4-F660116271BC}.Debug|Any CPU.ActiveCfg = Debug|Any CPU
		{9750384D-E7D6-4DC4-A6B4-F660116271BC}.Debug|Any CPU.Build.0 = Debug|Any CPU
		{9750384D-E7D6-4DC4-A6B4-F660116271BC}.Release|Any CPU.ActiveCfg = Release|Any CPU
		{9750384D-E7D6-4DC4-A6B4-F660116271BC}.Release|Any CPU.Build.0 = Release|Any CPU
		{0BC3337B-C88C-40F6-B6C2-7BF9AEDDB8AB}.Debug|Any CPU.ActiveCfg = Debug|Any CPU
		{0BC3337B-C88C-40F6-B6C2-7BF9AEDDB8AB}.Debug|Any CPU.Build.0 = Debug|Any CPU
		{0BC3337B-C88C-40F6-B6C2-7BF9AEDDB8AB}.Release|Any CPU.ActiveCfg = Release|Any CPU
		{0BC3337B-C88C-40F6-B6C2-7BF9AEDDB8AB}.Release|Any CPU.Build.0 = Release|Any CPU
		{68AC178C-BE20-4D99-A109-8C2A651D8AA3}.Debug|Any CPU.ActiveCfg = Debug|Any CPU
		{68AC178C-BE20-4D99-A109-8C2A651D8AA3}.Debug|Any CPU.Build.0 = Debug|Any CPU
		{68AC178C-BE20-4D99-A109-8C2A651D8AA3}.Release|Any CPU.ActiveCfg = Release|Any CPU
		{68AC178C-BE20-4D99-A109-8C2A651D8AA3}.Release|Any CPU.Build.0 = Release|Any CPU
		{5FC0017E-4FAF-462D-B143-DF0A393D8CAD}.Debug|Any CPU.ActiveCfg = Debug|Any CPU
		{5FC0017E-4FAF-462D-B143-DF0A393D8CAD}.Debug|Any CPU.Build.0 = Debug|Any CPU
		{5FC0017E-4FAF-462D-B143-DF0A393D8CAD}.Release|Any CPU.ActiveCfg = Release|Any CPU
		{5FC0017E-4FAF-462D-B143-DF0A393D8CAD}.Release|Any CPU.Build.0 = Release|Any CPU
		{81EC2432-BA11-42B9-818E-1C5F95F62CF0}.Debug|Any CPU.ActiveCfg = Debug|Any CPU
		{81EC2432-BA11-42B9-818E-1C5F95F62CF0}.Debug|Any CPU.Build.0 = Debug|Any CPU
		{81EC2432-BA11-42B9-818E-1C5F95F62CF0}.Release|Any CPU.ActiveCfg = Release|Any CPU
		{81EC2432-BA11-42B9-818E-1C5F95F62CF0}.Release|Any CPU.Build.0 = Release|Any CPU
		{47ED2EB2-BA5D-4900-8894-0B09D4864C7C}.Debug|Any CPU.ActiveCfg = Debug|Any CPU
		{47ED2EB2-BA5D-4900-8894-0B09D4864C7C}.Debug|Any CPU.Build.0 = Debug|Any CPU
		{47ED2EB2-BA5D-4900-8894-0B09D4864C7C}.Release|Any CPU.ActiveCfg = Release|Any CPU
		{47ED2EB2-BA5D-4900-8894-0B09D4864C7C}.Release|Any CPU.Build.0 = Release|Any CPU
		{BA53FA21-6658-4457-837E-8EA017797DF7}.Debug|Any CPU.ActiveCfg = Debug|Any CPU
		{BA53FA21-6658-4457-837E-8EA017797DF7}.Debug|Any CPU.Build.0 = Debug|Any CPU
		{BA53FA21-6658-4457-837E-8EA017797DF7}.Release|Any CPU.ActiveCfg = Release|Any CPU
		{BA53FA21-6658-4457-837E-8EA017797DF7}.Release|Any CPU.Build.0 = Release|Any CPU
		{10D6D84D-2FFE-4981-948D-07330760E332}.Debug|Any CPU.ActiveCfg = Debug|Any CPU
		{10D6D84D-2FFE-4981-948D-07330760E332}.Debug|Any CPU.Build.0 = Debug|Any CPU
		{10D6D84D-2FFE-4981-948D-07330760E332}.Release|Any CPU.ActiveCfg = Release|Any CPU
		{10D6D84D-2FFE-4981-948D-07330760E332}.Release|Any CPU.Build.0 = Release|Any CPU
		{8392B621-DF2B-4E0D-8B80-F9BDA07FAE1E}.Debug|Any CPU.ActiveCfg = Debug|Any CPU
		{8392B621-DF2B-4E0D-8B80-F9BDA07FAE1E}.Debug|Any CPU.Build.0 = Debug|Any CPU
		{8392B621-DF2B-4E0D-8B80-F9BDA07FAE1E}.Release|Any CPU.ActiveCfg = Release|Any CPU
		{8392B621-DF2B-4E0D-8B80-F9BDA07FAE1E}.Release|Any CPU.Build.0 = Release|Any CPU
		{DAAB89E2-F8D1-4B88-A888-A14ED3F77B98}.Debug|Any CPU.ActiveCfg = Debug|Any CPU
		{DAAB89E2-F8D1-4B88-A888-A14ED3F77B98}.Debug|Any CPU.Build.0 = Debug|Any CPU
		{DAAB89E2-F8D1-4B88-A888-A14ED3F77B98}.Release|Any CPU.ActiveCfg = Release|Any CPU
		{DAAB89E2-F8D1-4B88-A888-A14ED3F77B98}.Release|Any CPU.Build.0 = Release|Any CPU
		{AA113016-8BCA-4848-ABD4-79964FCA871B}.Debug|Any CPU.ActiveCfg = Debug|Any CPU
		{AA113016-8BCA-4848-ABD4-79964FCA871B}.Debug|Any CPU.Build.0 = Debug|Any CPU
		{AA113016-8BCA-4848-ABD4-79964FCA871B}.Release|Any CPU.ActiveCfg = Release|Any CPU
		{AA113016-8BCA-4848-ABD4-79964FCA871B}.Release|Any CPU.Build.0 = Release|Any CPU
		{B9A7012A-61DC-42DB-93A4-8177C8FFC1EC}.Debug|Any CPU.ActiveCfg = Debug|Any CPU
		{B9A7012A-61DC-42DB-93A4-8177C8FFC1EC}.Debug|Any CPU.Build.0 = Debug|Any CPU
		{B9A7012A-61DC-42DB-93A4-8177C8FFC1EC}.Release|Any CPU.ActiveCfg = Release|Any CPU
		{B9A7012A-61DC-42DB-93A4-8177C8FFC1EC}.Release|Any CPU.Build.0 = Release|Any CPU
		{275B4818-B2CE-4AB8-9CFA-CD46A4FE7D9E}.Debug|Any CPU.ActiveCfg = Debug|Any CPU
		{275B4818-B2CE-4AB8-9CFA-CD46A4FE7D9E}.Debug|Any CPU.Build.0 = Debug|Any CPU
		{275B4818-B2CE-4AB8-9CFA-CD46A4FE7D9E}.Release|Any CPU.ActiveCfg = Release|Any CPU
		{275B4818-B2CE-4AB8-9CFA-CD46A4FE7D9E}.Release|Any CPU.Build.0 = Release|Any CPU
		{FE0F2356-E8E0-4218-9E9E-1FF2A90A50A7}.Debug|Any CPU.ActiveCfg = Debug|Any CPU
		{FE0F2356-E8E0-4218-9E9E-1FF2A90A50A7}.Debug|Any CPU.Build.0 = Debug|Any CPU
		{FE0F2356-E8E0-4218-9E9E-1FF2A90A50A7}.Release|Any CPU.ActiveCfg = Release|Any CPU
		{FE0F2356-E8E0-4218-9E9E-1FF2A90A50A7}.Release|Any CPU.Build.0 = Release|Any CPU
		{D7141109-A719-4A6F-B897-93AA3DD11F75}.Debug|Any CPU.ActiveCfg = Debug|Any CPU
		{D7141109-A719-4A6F-B897-93AA3DD11F75}.Debug|Any CPU.Build.0 = Debug|Any CPU
		{D7141109-A719-4A6F-B897-93AA3DD11F75}.Release|Any CPU.ActiveCfg = Release|Any CPU
		{D7141109-A719-4A6F-B897-93AA3DD11F75}.Release|Any CPU.Build.0 = Release|Any CPU
		{5ADFF188-36AB-4046-83A4-AE0504ABD05B}.Debug|Any CPU.ActiveCfg = Debug|Any CPU
		{5ADFF188-36AB-4046-83A4-AE0504ABD05B}.Debug|Any CPU.Build.0 = Debug|Any CPU
		{5ADFF188-36AB-4046-83A4-AE0504ABD05B}.Release|Any CPU.ActiveCfg = Release|Any CPU
		{5ADFF188-36AB-4046-83A4-AE0504ABD05B}.Release|Any CPU.Build.0 = Release|Any CPU
		{02312511-89A4-4467-9E34-0F91C9B20F13}.Debug|Any CPU.ActiveCfg = Debug|Any CPU
		{02312511-89A4-4467-9E34-0F91C9B20F13}.Debug|Any CPU.Build.0 = Debug|Any CPU
		{02312511-89A4-4467-9E34-0F91C9B20F13}.Release|Any CPU.ActiveCfg = Release|Any CPU
		{02312511-89A4-4467-9E34-0F91C9B20F13}.Release|Any CPU.Build.0 = Release|Any CPU
		{30962A5D-2D8E-451D-BFEF-56B7BDC5CB3A}.Debug|Any CPU.ActiveCfg = Debug|Any CPU
		{30962A5D-2D8E-451D-BFEF-56B7BDC5CB3A}.Debug|Any CPU.Build.0 = Debug|Any CPU
		{30962A5D-2D8E-451D-BFEF-56B7BDC5CB3A}.Release|Any CPU.ActiveCfg = Release|Any CPU
		{30962A5D-2D8E-451D-BFEF-56B7BDC5CB3A}.Release|Any CPU.Build.0 = Release|Any CPU
		{B239DD8D-F800-4C21-83E1-A879C48B542A}.Debug|Any CPU.ActiveCfg = Debug|Any CPU
		{B239DD8D-F800-4C21-83E1-A879C48B542A}.Debug|Any CPU.Build.0 = Debug|Any CPU
		{B239DD8D-F800-4C21-83E1-A879C48B542A}.Release|Any CPU.ActiveCfg = Release|Any CPU
		{B239DD8D-F800-4C21-83E1-A879C48B542A}.Release|Any CPU.Build.0 = Release|Any CPU
		{AB96AB05-B3AB-42F9-B226-9BF5888BC212}.Debug|Any CPU.ActiveCfg = Debug|Any CPU
		{AB96AB05-B3AB-42F9-B226-9BF5888BC212}.Debug|Any CPU.Build.0 = Debug|Any CPU
		{AB96AB05-B3AB-42F9-B226-9BF5888BC212}.Release|Any CPU.ActiveCfg = Release|Any CPU
		{AB96AB05-B3AB-42F9-B226-9BF5888BC212}.Release|Any CPU.Build.0 = Release|Any CPU
		{306CA644-22D3-4673-A145-103A69081000}.Debug|Any CPU.ActiveCfg = Debug|Any CPU
		{306CA644-22D3-4673-A145-103A69081000}.Debug|Any CPU.Build.0 = Debug|Any CPU
		{306CA644-22D3-4673-A145-103A69081000}.Release|Any CPU.ActiveCfg = Release|Any CPU
		{306CA644-22D3-4673-A145-103A69081000}.Release|Any CPU.Build.0 = Release|Any CPU
		{1FD9137B-8CAC-447B-B1EE-328FECAE3745}.Debug|Any CPU.ActiveCfg = Debug|Any CPU
		{1FD9137B-8CAC-447B-B1EE-328FECAE3745}.Debug|Any CPU.Build.0 = Debug|Any CPU
		{1FD9137B-8CAC-447B-B1EE-328FECAE3745}.Release|Any CPU.ActiveCfg = Release|Any CPU
		{1FD9137B-8CAC-447B-B1EE-328FECAE3745}.Release|Any CPU.Build.0 = Release|Any CPU
		{0BC34AB4-466A-432F-8B25-0EC2C96E772C}.Debug|Any CPU.ActiveCfg = Debug|Any CPU
		{0BC34AB4-466A-432F-8B25-0EC2C96E772C}.Debug|Any CPU.Build.0 = Debug|Any CPU
		{0BC34AB4-466A-432F-8B25-0EC2C96E772C}.Release|Any CPU.ActiveCfg = Release|Any CPU
		{0BC34AB4-466A-432F-8B25-0EC2C96E772C}.Release|Any CPU.Build.0 = Release|Any CPU
		{CC294F65-0434-4B47-929A-6051F9442BA4}.Debug|Any CPU.ActiveCfg = Debug|Any CPU
		{CC294F65-0434-4B47-929A-6051F9442BA4}.Debug|Any CPU.Build.0 = Debug|Any CPU
		{CC294F65-0434-4B47-929A-6051F9442BA4}.Release|Any CPU.ActiveCfg = Release|Any CPU
		{CC294F65-0434-4B47-929A-6051F9442BA4}.Release|Any CPU.Build.0 = Release|Any CPU
		{4C0B5ADA-9CF1-4D54-9834-93004ECA8147}.Debug|Any CPU.ActiveCfg = Debug|Any CPU
		{4C0B5ADA-9CF1-4D54-9834-93004ECA8147}.Debug|Any CPU.Build.0 = Debug|Any CPU
		{4C0B5ADA-9CF1-4D54-9834-93004ECA8147}.Release|Any CPU.ActiveCfg = Release|Any CPU
		{4C0B5ADA-9CF1-4D54-9834-93004ECA8147}.Release|Any CPU.Build.0 = Release|Any CPU
		{5245ECE9-FDA0-4F69-9E99-FBD332B32FE7}.Debug|Any CPU.ActiveCfg = Debug|Any CPU
		{5245ECE9-FDA0-4F69-9E99-FBD332B32FE7}.Debug|Any CPU.Build.0 = Debug|Any CPU
		{5245ECE9-FDA0-4F69-9E99-FBD332B32FE7}.Release|Any CPU.ActiveCfg = Release|Any CPU
		{5245ECE9-FDA0-4F69-9E99-FBD332B32FE7}.Release|Any CPU.Build.0 = Release|Any CPU
		{8213B8E6-BB0D-4253-A64C-E09B533AEBD6}.Debug|Any CPU.ActiveCfg = Debug|Any CPU
		{8213B8E6-BB0D-4253-A64C-E09B533AEBD6}.Debug|Any CPU.Build.0 = Debug|Any CPU
		{8213B8E6-BB0D-4253-A64C-E09B533AEBD6}.Release|Any CPU.ActiveCfg = Release|Any CPU
		{8213B8E6-BB0D-4253-A64C-E09B533AEBD6}.Release|Any CPU.Build.0 = Release|Any CPU
		{CF94A025-DDAF-4327-ACB3-4D9C820973E5}.Debug|Any CPU.ActiveCfg = Debug|Any CPU
		{CF94A025-DDAF-4327-ACB3-4D9C820973E5}.Debug|Any CPU.Build.0 = Debug|Any CPU
		{CF94A025-DDAF-4327-ACB3-4D9C820973E5}.Release|Any CPU.ActiveCfg = Release|Any CPU
		{CF94A025-DDAF-4327-ACB3-4D9C820973E5}.Release|Any CPU.Build.0 = Release|Any CPU
		{D0522BEC-4987-401D-BC7E-D291477CD259}.Debug|Any CPU.ActiveCfg = Debug|Any CPU
		{D0522BEC-4987-401D-BC7E-D291477CD259}.Debug|Any CPU.Build.0 = Debug|Any CPU
		{D0522BEC-4987-401D-BC7E-D291477CD259}.Release|Any CPU.ActiveCfg = Release|Any CPU
		{D0522BEC-4987-401D-BC7E-D291477CD259}.Release|Any CPU.Build.0 = Release|Any CPU
		{684EAD79-1983-4EAC-9CD0-CF1C12E1D499}.Debug|Any CPU.ActiveCfg = Debug|Any CPU
		{684EAD79-1983-4EAC-9CD0-CF1C12E1D499}.Debug|Any CPU.Build.0 = Debug|Any CPU
		{684EAD79-1983-4EAC-9CD0-CF1C12E1D499}.Release|Any CPU.ActiveCfg = Release|Any CPU
		{684EAD79-1983-4EAC-9CD0-CF1C12E1D499}.Release|Any CPU.Build.0 = Release|Any CPU
		{5B9E45A5-7579-40EF-A2D8-4F150C10728C}.Debug|Any CPU.ActiveCfg = Debug|Any CPU
		{5B9E45A5-7579-40EF-A2D8-4F150C10728C}.Debug|Any CPU.Build.0 = Debug|Any CPU
		{5B9E45A5-7579-40EF-A2D8-4F150C10728C}.Release|Any CPU.ActiveCfg = Release|Any CPU
		{5B9E45A5-7579-40EF-A2D8-4F150C10728C}.Release|Any CPU.Build.0 = Release|Any CPU
		{CE0E30FB-9D25-4914-80A7-04CC69EBD9C9}.Debug|Any CPU.ActiveCfg = Debug|Any CPU
		{CE0E30FB-9D25-4914-80A7-04CC69EBD9C9}.Debug|Any CPU.Build.0 = Debug|Any CPU
		{CE0E30FB-9D25-4914-80A7-04CC69EBD9C9}.Release|Any CPU.ActiveCfg = Release|Any CPU
		{CE0E30FB-9D25-4914-80A7-04CC69EBD9C9}.Release|Any CPU.Build.0 = Release|Any CPU
		{DAFE3325-775E-4B28-A0B1-2C0BBEE03077}.Debug|Any CPU.ActiveCfg = Debug|Any CPU
		{DAFE3325-775E-4B28-A0B1-2C0BBEE03077}.Debug|Any CPU.Build.0 = Debug|Any CPU
		{DAFE3325-775E-4B28-A0B1-2C0BBEE03077}.Release|Any CPU.ActiveCfg = Release|Any CPU
		{DAFE3325-775E-4B28-A0B1-2C0BBEE03077}.Release|Any CPU.Build.0 = Release|Any CPU
		{6FA37EC8-8B91-4A08-900B-37DF80821E16}.Debug|Any CPU.ActiveCfg = Debug|Any CPU
		{6FA37EC8-8B91-4A08-900B-37DF80821E16}.Debug|Any CPU.Build.0 = Debug|Any CPU
		{6FA37EC8-8B91-4A08-900B-37DF80821E16}.Release|Any CPU.ActiveCfg = Release|Any CPU
		{6FA37EC8-8B91-4A08-900B-37DF80821E16}.Release|Any CPU.Build.0 = Release|Any CPU
		{118BE04A-1A49-4D6B-8340-BAC064E07A6D}.Debug|Any CPU.ActiveCfg = Debug|Any CPU
		{118BE04A-1A49-4D6B-8340-BAC064E07A6D}.Debug|Any CPU.Build.0 = Debug|Any CPU
		{118BE04A-1A49-4D6B-8340-BAC064E07A6D}.Release|Any CPU.ActiveCfg = Release|Any CPU
		{118BE04A-1A49-4D6B-8340-BAC064E07A6D}.Release|Any CPU.Build.0 = Release|Any CPU
		{0124BCD4-3A9B-4C02-9F2E-7FD5BB77FFF4}.Debug|Any CPU.ActiveCfg = Debug|Any CPU
		{0124BCD4-3A9B-4C02-9F2E-7FD5BB77FFF4}.Debug|Any CPU.Build.0 = Debug|Any CPU
		{0124BCD4-3A9B-4C02-9F2E-7FD5BB77FFF4}.Release|Any CPU.ActiveCfg = Release|Any CPU
		{0124BCD4-3A9B-4C02-9F2E-7FD5BB77FFF4}.Release|Any CPU.Build.0 = Release|Any CPU
		{C9CA2086-7A37-4876-BB1D-6ABCC8FE223C}.Debug|Any CPU.ActiveCfg = Debug|Any CPU
		{C9CA2086-7A37-4876-BB1D-6ABCC8FE223C}.Debug|Any CPU.Build.0 = Debug|Any CPU
		{C9CA2086-7A37-4876-BB1D-6ABCC8FE223C}.Release|Any CPU.ActiveCfg = Release|Any CPU
		{C9CA2086-7A37-4876-BB1D-6ABCC8FE223C}.Release|Any CPU.Build.0 = Release|Any CPU
		{FD7B0B52-6A9A-424A-B2D9-D72F25933A24}.Debug|Any CPU.ActiveCfg = Debug|Any CPU
		{FD7B0B52-6A9A-424A-B2D9-D72F25933A24}.Debug|Any CPU.Build.0 = Debug|Any CPU
		{FD7B0B52-6A9A-424A-B2D9-D72F25933A24}.Release|Any CPU.ActiveCfg = Release|Any CPU
		{FD7B0B52-6A9A-424A-B2D9-D72F25933A24}.Release|Any CPU.Build.0 = Release|Any CPU
		{CAF8E56F-931F-4F2E-9893-463294CDE8EE}.Debug|Any CPU.ActiveCfg = Debug|Any CPU
		{CAF8E56F-931F-4F2E-9893-463294CDE8EE}.Debug|Any CPU.Build.0 = Debug|Any CPU
		{CAF8E56F-931F-4F2E-9893-463294CDE8EE}.Release|Any CPU.ActiveCfg = Release|Any CPU
		{CAF8E56F-931F-4F2E-9893-463294CDE8EE}.Release|Any CPU.Build.0 = Release|Any CPU
		{E42E149B-F1F2-47DF-9C3A-76A39DA0F494}.Debug|Any CPU.ActiveCfg = Debug|Any CPU
		{E42E149B-F1F2-47DF-9C3A-76A39DA0F494}.Debug|Any CPU.Build.0 = Debug|Any CPU
		{E42E149B-F1F2-47DF-9C3A-76A39DA0F494}.Release|Any CPU.ActiveCfg = Release|Any CPU
		{E42E149B-F1F2-47DF-9C3A-76A39DA0F494}.Release|Any CPU.Build.0 = Release|Any CPU
		{06BB9719-145C-4609-9582-B00D5CFE9A99}.Debug|Any CPU.ActiveCfg = Debug|Any CPU
		{06BB9719-145C-4609-9582-B00D5CFE9A99}.Debug|Any CPU.Build.0 = Debug|Any CPU
		{06BB9719-145C-4609-9582-B00D5CFE9A99}.Release|Any CPU.ActiveCfg = Release|Any CPU
		{06BB9719-145C-4609-9582-B00D5CFE9A99}.Release|Any CPU.Build.0 = Release|Any CPU
		{5CA705D1-401C-4ACE-9ED0-88941F261AD0}.Debug|Any CPU.ActiveCfg = Debug|Any CPU
		{5CA705D1-401C-4ACE-9ED0-88941F261AD0}.Debug|Any CPU.Build.0 = Debug|Any CPU
		{5CA705D1-401C-4ACE-9ED0-88941F261AD0}.Release|Any CPU.ActiveCfg = Release|Any CPU
		{5CA705D1-401C-4ACE-9ED0-88941F261AD0}.Release|Any CPU.Build.0 = Release|Any CPU
		{A96F8CB6-78AD-42D8-B189-973E9D747C7C}.Debug|Any CPU.ActiveCfg = Debug|Any CPU
		{A96F8CB6-78AD-42D8-B189-973E9D747C7C}.Debug|Any CPU.Build.0 = Debug|Any CPU
		{A96F8CB6-78AD-42D8-B189-973E9D747C7C}.Release|Any CPU.ActiveCfg = Release|Any CPU
		{A96F8CB6-78AD-42D8-B189-973E9D747C7C}.Release|Any CPU.Build.0 = Release|Any CPU
		{AD52DD5D-A22E-43C4-8ED5-47D78F7ADBB8}.Debug|Any CPU.ActiveCfg = Debug|Any CPU
		{AD52DD5D-A22E-43C4-8ED5-47D78F7ADBB8}.Debug|Any CPU.Build.0 = Debug|Any CPU
		{AD52DD5D-A22E-43C4-8ED5-47D78F7ADBB8}.Release|Any CPU.ActiveCfg = Release|Any CPU
		{AD52DD5D-A22E-43C4-8ED5-47D78F7ADBB8}.Release|Any CPU.Build.0 = Release|Any CPU
		{F20DE13F-7782-4154-A976-6015ABCA815C}.Debug|Any CPU.ActiveCfg = Debug|Any CPU
		{F20DE13F-7782-4154-A976-6015ABCA815C}.Debug|Any CPU.Build.0 = Debug|Any CPU
		{F20DE13F-7782-4154-A976-6015ABCA815C}.Release|Any CPU.ActiveCfg = Release|Any CPU
		{F20DE13F-7782-4154-A976-6015ABCA815C}.Release|Any CPU.Build.0 = Release|Any CPU
		{FF339C95-43C5-463E-AC61-9E8C7C4BED0F}.Debug|Any CPU.ActiveCfg = Debug|Any CPU
		{FF339C95-43C5-463E-AC61-9E8C7C4BED0F}.Debug|Any CPU.Build.0 = Debug|Any CPU
		{FF339C95-43C5-463E-AC61-9E8C7C4BED0F}.Release|Any CPU.ActiveCfg = Release|Any CPU
		{FF339C95-43C5-463E-AC61-9E8C7C4BED0F}.Release|Any CPU.Build.0 = Release|Any CPU
		{C5B4B021-B37D-43B0-AD0C-82DCFA5E2B80}.Debug|Any CPU.ActiveCfg = Debug|Any CPU
		{C5B4B021-B37D-43B0-AD0C-82DCFA5E2B80}.Debug|Any CPU.Build.0 = Debug|Any CPU
		{C5B4B021-B37D-43B0-AD0C-82DCFA5E2B80}.Release|Any CPU.ActiveCfg = Release|Any CPU
		{C5B4B021-B37D-43B0-AD0C-82DCFA5E2B80}.Release|Any CPU.Build.0 = Release|Any CPU
		{D89CC626-98CB-48AD-BBB2-2A559B3A3F75}.Debug|Any CPU.ActiveCfg = Debug|Any CPU
		{D89CC626-98CB-48AD-BBB2-2A559B3A3F75}.Debug|Any CPU.Build.0 = Debug|Any CPU
		{D89CC626-98CB-48AD-BBB2-2A559B3A3F75}.Release|Any CPU.ActiveCfg = Release|Any CPU
		{D89CC626-98CB-48AD-BBB2-2A559B3A3F75}.Release|Any CPU.Build.0 = Release|Any CPU
		{968AFF9D-DE29-4493-8EA1-27FA623B585D}.Debug|Any CPU.ActiveCfg = Debug|Any CPU
		{968AFF9D-DE29-4493-8EA1-27FA623B585D}.Debug|Any CPU.Build.0 = Debug|Any CPU
		{968AFF9D-DE29-4493-8EA1-27FA623B585D}.Release|Any CPU.ActiveCfg = Release|Any CPU
		{968AFF9D-DE29-4493-8EA1-27FA623B585D}.Release|Any CPU.Build.0 = Release|Any CPU
		{B9BF6180-F94E-443D-A6BB-2F09D5C09664}.Debug|Any CPU.ActiveCfg = Debug|Any CPU
		{B9BF6180-F94E-443D-A6BB-2F09D5C09664}.Debug|Any CPU.Build.0 = Debug|Any CPU
		{B9BF6180-F94E-443D-A6BB-2F09D5C09664}.Release|Any CPU.ActiveCfg = Release|Any CPU
		{B9BF6180-F94E-443D-A6BB-2F09D5C09664}.Release|Any CPU.Build.0 = Release|Any CPU
		{BCD7C25F-2878-4618-A72C-276BBCC359AF}.Debug|Any CPU.ActiveCfg = Debug|Any CPU
		{BCD7C25F-2878-4618-A72C-276BBCC359AF}.Debug|Any CPU.Build.0 = Debug|Any CPU
		{BCD7C25F-2878-4618-A72C-276BBCC359AF}.Release|Any CPU.ActiveCfg = Release|Any CPU
		{BCD7C25F-2878-4618-A72C-276BBCC359AF}.Release|Any CPU.Build.0 = Release|Any CPU
		{FAB508B0-7700-4C4F-A952-09D2268F04C3}.Debug|Any CPU.ActiveCfg = Debug|Any CPU
		{FAB508B0-7700-4C4F-A952-09D2268F04C3}.Debug|Any CPU.Build.0 = Debug|Any CPU
		{FAB508B0-7700-4C4F-A952-09D2268F04C3}.Release|Any CPU.ActiveCfg = Release|Any CPU
		{FAB508B0-7700-4C4F-A952-09D2268F04C3}.Release|Any CPU.Build.0 = Release|Any CPU
		{FE47D086-7046-43BE-8DF8-F9A99CAAE71A}.Debug|Any CPU.ActiveCfg = Debug|Any CPU
		{FE47D086-7046-43BE-8DF8-F9A99CAAE71A}.Debug|Any CPU.Build.0 = Debug|Any CPU
		{FE47D086-7046-43BE-8DF8-F9A99CAAE71A}.Release|Any CPU.ActiveCfg = Release|Any CPU
		{FE47D086-7046-43BE-8DF8-F9A99CAAE71A}.Release|Any CPU.Build.0 = Release|Any CPU
		{66A3765E-A234-4061-A292-BCC798A154A5}.Debug|Any CPU.ActiveCfg = Debug|Any CPU
		{66A3765E-A234-4061-A292-BCC798A154A5}.Debug|Any CPU.Build.0 = Debug|Any CPU
		{66A3765E-A234-4061-A292-BCC798A154A5}.Release|Any CPU.ActiveCfg = Release|Any CPU
		{66A3765E-A234-4061-A292-BCC798A154A5}.Release|Any CPU.Build.0 = Release|Any CPU
		{4CC78EF6-0A82-4E97-8ED8-6D64D83181DF}.Debug|Any CPU.ActiveCfg = Debug|Any CPU
		{4CC78EF6-0A82-4E97-8ED8-6D64D83181DF}.Debug|Any CPU.Build.0 = Debug|Any CPU
		{4CC78EF6-0A82-4E97-8ED8-6D64D83181DF}.Release|Any CPU.ActiveCfg = Release|Any CPU
		{4CC78EF6-0A82-4E97-8ED8-6D64D83181DF}.Release|Any CPU.Build.0 = Release|Any CPU
		{F3331258-85CD-44A6-B887-D83C97F50F7B}.Debug|Any CPU.ActiveCfg = Debug|Any CPU
		{F3331258-85CD-44A6-B887-D83C97F50F7B}.Debug|Any CPU.Build.0 = Debug|Any CPU
		{F3331258-85CD-44A6-B887-D83C97F50F7B}.Release|Any CPU.ActiveCfg = Release|Any CPU
		{F3331258-85CD-44A6-B887-D83C97F50F7B}.Release|Any CPU.Build.0 = Release|Any CPU
		{D0137E94-292B-4D98-AF69-7E133CE0B657}.Debug|Any CPU.ActiveCfg = Debug|Any CPU
		{D0137E94-292B-4D98-AF69-7E133CE0B657}.Debug|Any CPU.Build.0 = Debug|Any CPU
		{D0137E94-292B-4D98-AF69-7E133CE0B657}.Release|Any CPU.ActiveCfg = Release|Any CPU
		{D0137E94-292B-4D98-AF69-7E133CE0B657}.Release|Any CPU.Build.0 = Release|Any CPU
		{4C9CDE98-D1CF-4A32-A7F6-F3259273C32A}.Debug|Any CPU.ActiveCfg = Debug|Any CPU
		{4C9CDE98-D1CF-4A32-A7F6-F3259273C32A}.Debug|Any CPU.Build.0 = Debug|Any CPU
		{4C9CDE98-D1CF-4A32-A7F6-F3259273C32A}.Release|Any CPU.ActiveCfg = Release|Any CPU
		{4C9CDE98-D1CF-4A32-A7F6-F3259273C32A}.Release|Any CPU.Build.0 = Release|Any CPU
		{D20EF69F-E0CD-4EA1-9491-6D16CCB49670}.Debug|Any CPU.ActiveCfg = Debug|Any CPU
		{D20EF69F-E0CD-4EA1-9491-6D16CCB49670}.Debug|Any CPU.Build.0 = Debug|Any CPU
		{D20EF69F-E0CD-4EA1-9491-6D16CCB49670}.Release|Any CPU.ActiveCfg = Release|Any CPU
		{D20EF69F-E0CD-4EA1-9491-6D16CCB49670}.Release|Any CPU.Build.0 = Release|Any CPU
	EndGlobalSection
	GlobalSection(SolutionProperties) = preSolution
		HideSolutionNode = FALSE
	EndGlobalSection
	GlobalSection(NestedProjects) = preSolution
		{4A186246-CEC4-41BF-9042-B328D63B6732} = {806073A3-C618-4925-BEF5-68802C4BBA59}
		{4515460A-2FCF-4920-A740-6FA8BC300E3A} = {EEBFE360-A9F9-4EF1-99F1-7A18CD45500C}
		{C94F0227-47E9-47FB-90F2-86AAAAB16385} = {57474EF6-62FD-45D3-ADC3-4D7DA1C79E20}
		{15E43663-9F9A-4B9A-82DD-04D5930DAB93} = {5FEECE44-351B-4A57-9BD5-C2FC3552882D}
		{1B20C06C-FB18-4B9D-8EA3-77353C320BEC} = {5FEECE44-351B-4A57-9BD5-C2FC3552882D}
		{4D25EAD8-1B2E-46A2-A4C0-AAC504D332DC} = {2135622A-4949-4C44-A5D3-554A2D40CB9C}
		{0E908A5D-972F-4D6A-B31E-DECFB9CB3687} = {D6E15863-EC76-4DFD-A62C-68B378E1DDD0}
		{EEDD4867-EC41-440F-97B6-070DE020D809} = {D6E15863-EC76-4DFD-A62C-68B378E1DDD0}
		{5FD77078-C68B-4E4D-AFC0-035AE35CE7B5} = {4D72D345-0534-46EA-999B-2CD45657F51E}
		{523DB278-CE17-4DB6-8CE3-A2BD240A66EC} = {4D72D345-0534-46EA-999B-2CD45657F51E}
		{11BB4A1E-EE04-45BC-A0A6-DAEDCF0B8EC3} = {4D72D345-0534-46EA-999B-2CD45657F51E}
		{17686CDC-6839-4ACF-8F4A-4B5E0465015F} = {4D72D345-0534-46EA-999B-2CD45657F51E}
		{0AB72B1F-1B78-4CC1-B6C3-A0A84F7908C0} = {4D72D345-0534-46EA-999B-2CD45657F51E}
		{90F87A2A-FE76-4DED-8DD5-F7449A8957AC} = {4D72D345-0534-46EA-999B-2CD45657F51E}
		{0FAB465F-93BB-45F7-97AE-97B78659A9D7} = {D600EB49-4BEE-4187-B565-DB7FFC955B0F}
		{AAB5F366-510B-43CE-AFC2-E00732E161F8} = {D600EB49-4BEE-4187-B565-DB7FFC955B0F}
		{3C1812BA-27A4-4087-9A0A-DA2E1EDD6B67} = {D600EB49-4BEE-4187-B565-DB7FFC955B0F}
		{4254A41B-8B57-4471-AA45-BF83B8915A67} = {D600EB49-4BEE-4187-B565-DB7FFC955B0F}
		{BB09591A-C7B2-4D18-8CC0-430B34F53A46} = {D600EB49-4BEE-4187-B565-DB7FFC955B0F}
		{70DEA514-D7D7-43FD-9EDE-6982C46D9482} = {D600EB49-4BEE-4187-B565-DB7FFC955B0F}
		{F35260AF-7D59-4B67-A6CC-C2388BB4D307} = {D600EB49-4BEE-4187-B565-DB7FFC955B0F}
		{B1A1D750-CE1B-4B03-8261-88D775E8198C} = {D600EB49-4BEE-4187-B565-DB7FFC955B0F}
		{9750384D-E7D6-4DC4-A6B4-F660116271BC} = {A505BA06-847C-4DE4-86DF-AC0CE2D05B52}
		{0BC3337B-C88C-40F6-B6C2-7BF9AEDDB8AB} = {A505BA06-847C-4DE4-86DF-AC0CE2D05B52}
		{68AC178C-BE20-4D99-A109-8C2A651D8AA3} = {A505BA06-847C-4DE4-86DF-AC0CE2D05B52}
		{5FC0017E-4FAF-462D-B143-DF0A393D8CAD} = {A505BA06-847C-4DE4-86DF-AC0CE2D05B52}
		{81EC2432-BA11-42B9-818E-1C5F95F62CF0} = {A505BA06-847C-4DE4-86DF-AC0CE2D05B52}
		{47ED2EB2-BA5D-4900-8894-0B09D4864C7C} = {A505BA06-847C-4DE4-86DF-AC0CE2D05B52}
		{BA53FA21-6658-4457-837E-8EA017797DF7} = {A505BA06-847C-4DE4-86DF-AC0CE2D05B52}
		{10D6D84D-2FFE-4981-948D-07330760E332} = {A505BA06-847C-4DE4-86DF-AC0CE2D05B52}
		{8392B621-DF2B-4E0D-8B80-F9BDA07FAE1E} = {EC3692F7-4ECD-4C86-B12A-823896407B59}
		{DAAB89E2-F8D1-4B88-A888-A14ED3F77B98} = {EC3692F7-4ECD-4C86-B12A-823896407B59}
		{AA113016-8BCA-4848-ABD4-79964FCA871B} = {EC3692F7-4ECD-4C86-B12A-823896407B59}
		{B9A7012A-61DC-42DB-93A4-8177C8FFC1EC} = {EC3692F7-4ECD-4C86-B12A-823896407B59}
		{275B4818-B2CE-4AB8-9CFA-CD46A4FE7D9E} = {EC3692F7-4ECD-4C86-B12A-823896407B59}
		{FE0F2356-E8E0-4218-9E9E-1FF2A90A50A7} = {EC3692F7-4ECD-4C86-B12A-823896407B59}
		{D7141109-A719-4A6F-B897-93AA3DD11F75} = {EC3692F7-4ECD-4C86-B12A-823896407B59}
		{5ADFF188-36AB-4046-83A4-AE0504ABD05B} = {D4195228-D499-4F82-B4B4-E05BE246B830}
		{02312511-89A4-4467-9E34-0F91C9B20F13} = {D4195228-D499-4F82-B4B4-E05BE246B830}
		{30962A5D-2D8E-451D-BFEF-56B7BDC5CB3A} = {D4195228-D499-4F82-B4B4-E05BE246B830}
		{B239DD8D-F800-4C21-83E1-A879C48B542A} = {D4195228-D499-4F82-B4B4-E05BE246B830}
		{AB96AB05-B3AB-42F9-B226-9BF5888BC212} = {D4195228-D499-4F82-B4B4-E05BE246B830}
		{306CA644-22D3-4673-A145-103A69081000} = {D4195228-D499-4F82-B4B4-E05BE246B830}
		{1FD9137B-8CAC-447B-B1EE-328FECAE3745} = {D4195228-D499-4F82-B4B4-E05BE246B830}
		{0BC34AB4-466A-432F-8B25-0EC2C96E772C} = {1751D3D3-48CA-4F14-AB40-A4F15E2663A6}
		{1751D3D3-48CA-4F14-AB40-A4F15E2663A6} = {146083DF-7471-4D10-AAD4-5EED6BEFAF52}
		{CC294F65-0434-4B47-929A-6051F9442BA4} = {1751D3D3-48CA-4F14-AB40-A4F15E2663A6}
		{4C0B5ADA-9CF1-4D54-9834-93004ECA8147} = {1751D3D3-48CA-4F14-AB40-A4F15E2663A6}
		{5245ECE9-FDA0-4F69-9E99-FBD332B32FE7} = {1751D3D3-48CA-4F14-AB40-A4F15E2663A6}
		{8213B8E6-BB0D-4253-A64C-E09B533AEBD6} = {1751D3D3-48CA-4F14-AB40-A4F15E2663A6}
		{CF94A025-DDAF-4327-ACB3-4D9C820973E5} = {1751D3D3-48CA-4F14-AB40-A4F15E2663A6}
		{D0522BEC-4987-401D-BC7E-D291477CD259} = {1751D3D3-48CA-4F14-AB40-A4F15E2663A6}
		{684EAD79-1983-4EAC-9CD0-CF1C12E1D499} = {1751D3D3-48CA-4F14-AB40-A4F15E2663A6}
		{5B9E45A5-7579-40EF-A2D8-4F150C10728C} = {1751D3D3-48CA-4F14-AB40-A4F15E2663A6}
		{96AB5F93-9D2C-482B-9503-BB43C8A15E68} = {146083DF-7471-4D10-AAD4-5EED6BEFAF52}
		{CE0E30FB-9D25-4914-80A7-04CC69EBD9C9} = {96AB5F93-9D2C-482B-9503-BB43C8A15E68}
		{DAFE3325-775E-4B28-A0B1-2C0BBEE03077} = {96AB5F93-9D2C-482B-9503-BB43C8A15E68}
		{6FA37EC8-8B91-4A08-900B-37DF80821E16} = {96AB5F93-9D2C-482B-9503-BB43C8A15E68}
		{118BE04A-1A49-4D6B-8340-BAC064E07A6D} = {8B0B846C-7E38-46AB-A9E8-B6D9DA436880}
		{0124BCD4-3A9B-4C02-9F2E-7FD5BB77FFF4} = {8B0B846C-7E38-46AB-A9E8-B6D9DA436880}
		{C9CA2086-7A37-4876-BB1D-6ABCC8FE223C} = {8B0B846C-7E38-46AB-A9E8-B6D9DA436880}
		{FD7B0B52-6A9A-424A-B2D9-D72F25933A24} = {8B0B846C-7E38-46AB-A9E8-B6D9DA436880}
		{CAF8E56F-931F-4F2E-9893-463294CDE8EE} = {8B0B846C-7E38-46AB-A9E8-B6D9DA436880}
		{E42E149B-F1F2-47DF-9C3A-76A39DA0F494} = {8B0B846C-7E38-46AB-A9E8-B6D9DA436880}
		{06BB9719-145C-4609-9582-B00D5CFE9A99} = {8B0B846C-7E38-46AB-A9E8-B6D9DA436880}
		{5CA705D1-401C-4ACE-9ED0-88941F261AD0} = {8B0B846C-7E38-46AB-A9E8-B6D9DA436880}
		{A96F8CB6-78AD-42D8-B189-973E9D747C7C} = {8B0B846C-7E38-46AB-A9E8-B6D9DA436880}
		{AD52DD5D-A22E-43C4-8ED5-47D78F7ADBB8} = {ED2B37CE-51E5-4804-92AF-2AD38C27046B}
		{F20DE13F-7782-4154-A976-6015ABCA815C} = {ED2B37CE-51E5-4804-92AF-2AD38C27046B}
		{FF339C95-43C5-463E-AC61-9E8C7C4BED0F} = {ED2B37CE-51E5-4804-92AF-2AD38C27046B}
		{C5B4B021-B37D-43B0-AD0C-82DCFA5E2B80} = {ED2B37CE-51E5-4804-92AF-2AD38C27046B}
		{D89CC626-98CB-48AD-BBB2-2A559B3A3F75} = {ED2B37CE-51E5-4804-92AF-2AD38C27046B}
		{968AFF9D-DE29-4493-8EA1-27FA623B585D} = {ED2B37CE-51E5-4804-92AF-2AD38C27046B}
		{B9BF6180-F94E-443D-A6BB-2F09D5C09664} = {ED2B37CE-51E5-4804-92AF-2AD38C27046B}
		{BCD7C25F-2878-4618-A72C-276BBCC359AF} = {ED2B37CE-51E5-4804-92AF-2AD38C27046B}
		{FAB508B0-7700-4C4F-A952-09D2268F04C3} = {1012E370-CF24-444D-85DB-A6C44377AF5C}
		{FE47D086-7046-43BE-8DF8-F9A99CAAE71A} = {1012E370-CF24-444D-85DB-A6C44377AF5C}
		{66A3765E-A234-4061-A292-BCC798A154A5} = {1012E370-CF24-444D-85DB-A6C44377AF5C}
		{4CC78EF6-0A82-4E97-8ED8-6D64D83181DF} = {1012E370-CF24-444D-85DB-A6C44377AF5C}
		{F3331258-85CD-44A6-B887-D83C97F50F7B} = {1012E370-CF24-444D-85DB-A6C44377AF5C}
		{D0137E94-292B-4D98-AF69-7E133CE0B657} = {1012E370-CF24-444D-85DB-A6C44377AF5C}
		{4C9CDE98-D1CF-4A32-A7F6-F3259273C32A} = {1012E370-CF24-444D-85DB-A6C44377AF5C}
		{D20EF69F-E0CD-4EA1-9491-6D16CCB49670} = {1012E370-CF24-444D-85DB-A6C44377AF5C}
	EndGlobalSection
	GlobalSection(ExtensibilityGlobals) = postSolution
		SolutionGuid = {A160CA24-6049-4A65-B030-9FF71739CC7D}
	EndGlobalSection
EndGlobal
