
Microsoft Visual Studio Solution File, Format Version 12.00
# Visual Studio Version 17
VisualStudioVersion = 17.0.31903.59
MinimumVisualStudioVersion = 10.0.40219.1
Project("{2150E333-8FDC-42A3-9474-1A3956D46DE8}") = "Class01", "Class01", "{5FEECE44-351B-4A57-9BD5-C2FC3552882D}"
EndProject
Project("{2150E333-8FDC-42A3-9474-1A3956D46DE8}") = "Class02", "Class02", "{806073A3-C618-4925-BEF5-68802C4BBA59}"
EndProject
Project("{9A19103F-16F7-4668-BE54-9A1E7A4F7556}") = "ControllersSample", "Class02\ControllersSample\ControllersSample.csproj", "{4A186246-CEC4-41BF-9042-B328D63B6732}"
EndProject
Project("{2150E333-8FDC-42A3-9474-1A3956D46DE8}") = "Class03", "Class03", "{EEBFE360-A9F9-4EF1-99F1-7A18CD45500C}"
EndProject
Project("{9A19103F-16F7-4668-BE54-9A1E7A4F7556}") = "SEDC.NotesAndTagsApp", "Class03\SEDC.NotesAndTagsApp\SEDC.NotesAndTagsApp.csproj", "{4515460A-2FCF-4920-A740-6FA8BC300E3A}"
EndProject
Project("{2150E333-8FDC-42A3-9474-1A3956D46DE8}") = "Class04", "Class04", "{57474EF6-62FD-45D3-ADC3-4D7DA1C79E20}"
EndProject
Project("{9A19103F-16F7-4668-BE54-9A1E7A4F7556}") = "NotesAndTagsApp", "Class04\NotesAndTagsApp\NotesAndTagsApp.csproj", "{C94F0227-47E9-47FB-90F2-86AAAAB16385}"
EndProject
Project("{9A19103F-16F7-4668-BE54-9A1E7A4F7556}") = "ConsoleApp.Example", "Class01\ConsoleApp.Example\ConsoleApp.Example.csproj", "{15E43663-9F9A-4B9A-82DD-04D5930DAB93}"
EndProject
Project("{9A19103F-16F7-4668-BE54-9A1E7A4F7556}") = "OurFirstWebApi", "Class01\OurFirstWebApi\OurFirstWebApi.csproj", "{1B20C06C-FB18-4B9D-8EA3-77353C320BEC}"
EndProject
Project("{2150E333-8FDC-42A3-9474-1A3956D46DE8}") = "Class05", "Class05", "{2135622A-4949-4C44-A5D3-554A2D40CB9C}"
EndProject
Project("{9A19103F-16F7-4668-BE54-9A1E7A4F7556}") = "SEDC.MoviesApp", "Class05\SEDC.MoviesApp\SEDC.MoviesApp.csproj", "{4D25EAD8-1B2E-46A2-A4C0-AAC504D332DC}"
EndProject
Project("{2150E333-8FDC-42A3-9474-1A3956D46DE8}") = "Class06", "Class06", "{D6E15863-EC76-4DFD-A62C-68B378E1DDD0}"
EndProject
Project("{9A19103F-16F7-4668-BE54-9A1E7A4F7556}") = "EF.DatabaseFirst.DAL", "Class06\EF.DatabaseFirst.DAL\EF.DatabaseFirst.DAL.csproj", "{0E908A5D-972F-4D6A-B31E-DECFB9CB3687}"
EndProject
Project("{9A19103F-16F7-4668-BE54-9A1E7A4F7556}") = "EF.DatabaseFirst.Example", "Class06\EF.DatabaseFirst.Example\EF.DatabaseFirst.Example.csproj", "{EEDD4867-EC41-440F-97B6-070DE020D809}"
EndProject
Project("{2150E333-8FDC-42A3-9474-1A3956D46DE8}") = "Class07", "Class07", "{4D72D345-0534-46EA-999B-2CD45657F51E}"
EndProject
Project("{9A19103F-16F7-4668-BE54-9A1E7A4F7556}") = "SEDC.NotesApp", "Class07\SEDC.NotesApp\SEDC.NotesApp\SEDC.NotesApp.csproj", "{5FD77078-C68B-4E4D-AFC0-035AE35CE7B5}"
EndProject
Project("{9A19103F-16F7-4668-BE54-9A1E7A4F7556}") = "SEDC.NotesApp.DataAccess", "Class07\SEDC.NotesApp\SEDC.NotesApp.DataAccess\SEDC.NotesApp.DataAccess.csproj", "{523DB278-CE17-4DB6-8CE3-A2BD240A66EC}"
EndProject
Project("{9A19103F-16F7-4668-BE54-9A1E7A4F7556}") = "SEDC.NotesApp.Domain", "Class07\SEDC.NotesApp\SEDC.NotesApp.Domain\SEDC.NotesApp.Domain.csproj", "{11BB4A1E-EE04-45BC-A0A6-DAEDCF0B8EC3}"
EndProject
Project("{9A19103F-16F7-4668-BE54-9A1E7A4F7556}") = "SEDC.NotesApp.Dtos", "Class07\SEDC.NotesApp\SEDC.NotesApp.Dtos\SEDC.NotesApp.Dtos.csproj", "{17686CDC-6839-4ACF-8F4A-4B5E0465015F}"
EndProject
Project("{9A19103F-16F7-4668-BE54-9A1E7A4F7556}") = "SEDC.NotesApp.Mappers", "Class07\SEDC.NotesApp\SEDC.NotesApp.Mappers\SEDC.NotesApp.Mappers.csproj", "{0AB72B1F-1B78-4CC1-B6C3-A0A84F7908C0}"
EndProject
Project("{9A19103F-16F7-4668-BE54-9A1E7A4F7556}") = "SEDC.NotesApp.Services", "Class07\SEDC.NotesApp\SEDC.NotesApp.Services\SEDC.NotesApp.Services.csproj", "{90F87A2A-FE76-4DED-8DD5-F7449A8957AC}"
EndProject
Global
	GlobalSection(SolutionConfigurationPlatforms) = preSolution
		Debug|Any CPU = Debug|Any CPU
		Release|Any CPU = Release|Any CPU
	EndGlobalSection
	GlobalSection(ProjectConfigurationPlatforms) = postSolution
		{4A186246-CEC4-41BF-9042-B328D63B6732}.Debug|Any CPU.ActiveCfg = Debug|Any CPU
		{4A186246-CEC4-41BF-9042-B328D63B6732}.Debug|Any CPU.Build.0 = Debug|Any CPU
		{4A186246-CEC4-41BF-9042-B328D63B6732}.Release|Any CPU.ActiveCfg = Release|Any CPU
		{4A186246-CEC4-41BF-9042-B328D63B6732}.Release|Any CPU.Build.0 = Release|Any CPU
		{4515460A-2FCF-4920-A740-6FA8BC300E3A}.Debug|Any CPU.ActiveCfg = Debug|Any CPU
		{4515460A-2FCF-4920-A740-6FA8BC300E3A}.Debug|Any CPU.Build.0 = Debug|Any CPU
		{4515460A-2FCF-4920-A740-6FA8BC300E3A}.Release|Any CPU.ActiveCfg = Release|Any CPU
		{4515460A-2FCF-4920-A740-6FA8BC300E3A}.Release|Any CPU.Build.0 = Release|Any CPU
		{C94F0227-47E9-47FB-90F2-86AAAAB16385}.Debug|Any CPU.ActiveCfg = Debug|Any CPU
		{C94F0227-47E9-47FB-90F2-86AAAAB16385}.Debug|Any CPU.Build.0 = Debug|Any CPU
		{C94F0227-47E9-47FB-90F2-86AAAAB16385}.Release|Any CPU.ActiveCfg = Release|Any CPU
		{C94F0227-47E9-47FB-90F2-86AAAAB16385}.Release|Any CPU.Build.0 = Release|Any CPU
		{15E43663-9F9A-4B9A-82DD-04D5930DAB93}.Debug|Any CPU.ActiveCfg = Debug|Any CPU
		{15E43663-9F9A-4B9A-82DD-04D5930DAB93}.Debug|Any CPU.Build.0 = Debug|Any CPU
		{15E43663-9F9A-4B9A-82DD-04D5930DAB93}.Release|Any CPU.ActiveCfg = Release|Any CPU
		{15E43663-9F9A-4B9A-82DD-04D5930DAB93}.Release|Any CPU.Build.0 = Release|Any CPU
		{1B20C06C-FB18-4B9D-8EA3-77353C320BEC}.Debug|Any CPU.ActiveCfg = Debug|Any CPU
		{1B20C06C-FB18-4B9D-8EA3-77353C320BEC}.Debug|Any CPU.Build.0 = Debug|Any CPU
		{1B20C06C-FB18-4B9D-8EA3-77353C320BEC}.Release|Any CPU.ActiveCfg = Release|Any CPU
		{1B20C06C-FB18-4B9D-8EA3-77353C320BEC}.Release|Any CPU.Build.0 = Release|Any CPU
		{4D25EAD8-1B2E-46A2-A4C0-AAC504D332DC}.Debug|Any CPU.ActiveCfg = Debug|Any CPU
		{4D25EAD8-1B2E-46A2-A4C0-AAC504D332DC}.Debug|Any CPU.Build.0 = Debug|Any CPU
		{4D25EAD8-1B2E-46A2-A4C0-AAC504D332DC}.Release|Any CPU.ActiveCfg = Release|Any CPU
		{4D25EAD8-1B2E-46A2-A4C0-AAC504D332DC}.Release|Any CPU.Build.0 = Release|Any CPU
		{0E908A5D-972F-4D6A-B31E-DECFB9CB3687}.Debug|Any CPU.ActiveCfg = Debug|Any CPU
		{0E908A5D-972F-4D6A-B31E-DECFB9CB3687}.Debug|Any CPU.Build.0 = Debug|Any CPU
		{0E908A5D-972F-4D6A-B31E-DECFB9CB3687}.Release|Any CPU.ActiveCfg = Release|Any CPU
		{0E908A5D-972F-4D6A-B31E-DECFB9CB3687}.Release|Any CPU.Build.0 = Release|Any CPU
		{EEDD4867-EC41-440F-97B6-070DE020D809}.Debug|Any CPU.ActiveCfg = Debug|Any CPU
		{EEDD4867-EC41-440F-97B6-070DE020D809}.Debug|Any CPU.Build.0 = Debug|Any CPU
		{EEDD4867-EC41-440F-97B6-070DE020D809}.Release|Any CPU.ActiveCfg = Release|Any CPU
		{EEDD4867-EC41-440F-97B6-070DE020D809}.Release|Any CPU.Build.0 = Release|Any CPU
		{5FD77078-C68B-4E4D-AFC0-035AE35CE7B5}.Debug|Any CPU.ActiveCfg = Debug|Any CPU
		{5FD77078-C68B-4E4D-AFC0-035AE35CE7B5}.Debug|Any CPU.Build.0 = Debug|Any CPU
		{5FD77078-C68B-4E4D-AFC0-035AE35CE7B5}.Release|Any CPU.ActiveCfg = Release|Any CPU
		{5FD77078-C68B-4E4D-AFC0-035AE35CE7B5}.Release|Any CPU.Build.0 = Release|Any CPU
		{523DB278-CE17-4DB6-8CE3-A2BD240A66EC}.Debug|Any CPU.ActiveCfg = Debug|Any CPU
		{523DB278-CE17-4DB6-8CE3-A2BD240A66EC}.Debug|Any CPU.Build.0 = Debug|Any CPU
		{523DB278-CE17-4DB6-8CE3-A2BD240A66EC}.Release|Any CPU.ActiveCfg = Release|Any CPU
		{523DB278-CE17-4DB6-8CE3-A2BD240A66EC}.Release|Any CPU.Build.0 = Release|Any CPU
		{11BB4A1E-EE04-45BC-A0A6-DAEDCF0B8EC3}.Debug|Any CPU.ActiveCfg = Debug|Any CPU
		{11BB4A1E-EE04-45BC-A0A6-DAEDCF0B8EC3}.Debug|Any CPU.Build.0 = Debug|Any CPU
		{11BB4A1E-EE04-45BC-A0A6-DAEDCF0B8EC3}.Release|Any CPU.ActiveCfg = Release|Any CPU
		{11BB4A1E-EE04-45BC-A0A6-DAEDCF0B8EC3}.Release|Any CPU.Build.0 = Release|Any CPU
		{17686CDC-6839-4ACF-8F4A-4B5E0465015F}.Debug|Any CPU.ActiveCfg = Debug|Any CPU
		{17686CDC-6839-4ACF-8F4A-4B5E0465015F}.Debug|Any CPU.Build.0 = Debug|Any CPU
		{17686CDC-6839-4ACF-8F4A-4B5E0465015F}.Release|Any CPU.ActiveCfg = Release|Any CPU
		{17686CDC-6839-4ACF-8F4A-4B5E0465015F}.Release|Any CPU.Build.0 = Release|Any CPU
		{0AB72B1F-1B78-4CC1-B6C3-A0A84F7908C0}.Debug|Any CPU.ActiveCfg = Debug|Any CPU
		{0AB72B1F-1B78-4CC1-B6C3-A0A84F7908C0}.Debug|Any CPU.Build.0 = Debug|Any CPU
		{0AB72B1F-1B78-4CC1-B6C3-A0A84F7908C0}.Release|Any CPU.ActiveCfg = Release|Any CPU
		{0AB72B1F-1B78-4CC1-B6C3-A0A84F7908C0}.Release|Any CPU.Build.0 = Release|Any CPU
		{90F87A2A-FE76-4DED-8DD5-F7449A8957AC}.Debug|Any CPU.ActiveCfg = Debug|Any CPU
		{90F87A2A-FE76-4DED-8DD5-F7449A8957AC}.Debug|Any CPU.Build.0 = Debug|Any CPU
		{90F87A2A-FE76-4DED-8DD5-F7449A8957AC}.Release|Any CPU.ActiveCfg = Release|Any CPU
		{90F87A2A-FE76-4DED-8DD5-F7449A8957AC}.Release|Any CPU.Build.0 = Release|Any CPU
	EndGlobalSection
	GlobalSection(SolutionProperties) = preSolution
		HideSolutionNode = FALSE
	EndGlobalSection
	GlobalSection(NestedProjects) = preSolution
		{4A186246-CEC4-41BF-9042-B328D63B6732} = {806073A3-C618-4925-BEF5-68802C4BBA59}
		{4515460A-2FCF-4920-A740-6FA8BC300E3A} = {EEBFE360-A9F9-4EF1-99F1-7A18CD45500C}
		{C94F0227-47E9-47FB-90F2-86AAAAB16385} = {57474EF6-62FD-45D3-ADC3-4D7DA1C79E20}
		{15E43663-9F9A-4B9A-82DD-04D5930DAB93} = {5FEECE44-351B-4A57-9BD5-C2FC3552882D}
		{1B20C06C-FB18-4B9D-8EA3-77353C320BEC} = {5FEECE44-351B-4A57-9BD5-C2FC3552882D}
		{4D25EAD8-1B2E-46A2-A4C0-AAC504D332DC} = {2135622A-4949-4C44-A5D3-554A2D40CB9C}
		{0E908A5D-972F-4D6A-B31E-DECFB9CB3687} = {D6E15863-EC76-4DFD-A62C-68B378E1DDD0}
		{EEDD4867-EC41-440F-97B6-070DE020D809} = {D6E15863-EC76-4DFD-A62C-68B378E1DDD0}
		{5FD77078-C68B-4E4D-AFC0-035AE35CE7B5} = {4D72D345-0534-46EA-999B-2CD45657F51E}
		{523DB278-CE17-4DB6-8CE3-A2BD240A66EC} = {4D72D345-0534-46EA-999B-2CD45657F51E}
		{11BB4A1E-EE04-45BC-A0A6-DAEDCF0B8EC3} = {4D72D345-0534-46EA-999B-2CD45657F51E}
		{17686CDC-6839-4ACF-8F4A-4B5E0465015F} = {4D72D345-0534-46EA-999B-2CD45657F51E}
		{0AB72B1F-1B78-4CC1-B6C3-A0A84F7908C0} = {4D72D345-0534-46EA-999B-2CD45657F51E}
		{90F87A2A-FE76-4DED-8DD5-F7449A8957AC} = {4D72D345-0534-46EA-999B-2CD45657F51E}
	EndGlobalSection
	GlobalSection(ExtensibilityGlobals) = postSolution
		SolutionGuid = {A160CA24-6049-4A65-B030-9FF71739CC7D}
	EndGlobalSection
EndGlobal
